// !$*UTF8*$!
{
	archiveVersion = 1;
	classes = {
	};
	objectVersion = 77;
	objects = {

/* Begin PBXBuildFile section */
		67256CFA2EE0BC5B00D568EF /* HomeView.swift in Sources */ = {isa = PBXBuildFile; fileRef = 67256CF92EE0BC5B00D568EF /* HomeView.swift */; };
		67256CFE2EE0C21400D568EF /* ScaleMenuView.swift in Sources */ = {isa = PBXBuildFile; fileRef = 67256CFD2EE0C21400D568EF /* ScaleMenuView.swift */; };
		67256D002EE0CB4F00D568EF /* PatientsView.swift in Sources */ = {isa = PBXBuildFile; fileRef = 67256CFF2EE0CB4F00D568EF /* PatientsView.swift */; };
		67256D092EE1908700D568EF /* BergTestView.swift in Sources */ = {isa = PBXBuildFile; fileRef = 67256D082EE1908700D568EF /* BergTestView.swift */; };
		67256D0B2EE1916B00D568EF /* PatientsViewModel.swift in Sources */ = {isa = PBXBuildFile; fileRef = 67256D0A2EE1916400D568EF /* PatientsViewModel.swift */; };
		67256D532EE1A08300D568EF /* Environment+Repositories.swift in Sources */ = {isa = PBXBuildFile; fileRef = 67256D522EE1A07D00D568EF /* Environment+Repositories.swift */; };
		673778722F45E3FD00224CE9 /* Localizable.xcstrings in Resources */ = {isa = PBXBuildFile; fileRef = 673778712F45E3FD00224CE9 /* Localizable.xcstrings */; };
		673D774F2F4C7A3D004480C9 /* ContactView.swift in Sources */ = {isa = PBXBuildFile; fileRef = 673D774E2F4C7A3D004480C9 /* ContactView.swift */; };
		673EDCD62F3E456C00A03A47 /* TestPDFStrategyProtocol.swift in Sources */ = {isa = PBXBuildFile; fileRef = 673EDCD52F3E456C00A03A47 /* TestPDFStrategyProtocol.swift */; };
		673EDCD82F433F8F00A03A47 /* PDFLayout.swift in Sources */ = {isa = PBXBuildFile; fileRef = 673EDCD72F433F8F00A03A47 /* PDFLayout.swift */; };
		673EDCDC2F43496900A03A47 /* BergPDFStrategy.swift in Sources */ = {isa = PBXBuildFile; fileRef = 673EDCDB2F43496900A03A47 /* BergPDFStrategy.swift */; };
		673EDCDE2F434F8600A03A47 /* MotricityIndexPDFStrategy.swift in Sources */ = {isa = PBXBuildFile; fileRef = 673EDCDD2F434F7E00A03A47 /* MotricityIndexPDFStrategy.swift */; };
		673EDCE12F447C2B00A03A47 /* MotricityIndexItemPDF.swift in Sources */ = {isa = PBXBuildFile; fileRef = 673EDCE02F447C2B00A03A47 /* MotricityIndexItemPDF.swift */; };
		673EDCE32F44C6AE00A03A47 /* SaveTrunkControlTestUseCase.swift in Sources */ = {isa = PBXBuildFile; fileRef = 673EDCE22F44C6AE00A03A47 /* SaveTrunkControlTestUseCase.swift */; };
		673EDCE52F44CA2600A03A47 /* TrunkControlTestViewModel.swift in Sources */ = {isa = PBXBuildFile; fileRef = 673EDCE42F44CA2600A03A47 /* TrunkControlTestViewModel.swift */; };
		673EDCE82F44CEDA00A03A47 /* TrunkControlItemDefinition.swift in Sources */ = {isa = PBXBuildFile; fileRef = 673EDCE72F44CEDA00A03A47 /* TrunkControlItemDefinition.swift */; };
		673EDCEA2F44CEE900A03A47 /* TrunkControlIndexCatalog.swift in Sources */ = {isa = PBXBuildFile; fileRef = 673EDCE92F44CEE900A03A47 /* TrunkControlIndexCatalog.swift */; };
		673EDCEC2F44CF0300A03A47 /* TrunkControlScoreOption.swift in Sources */ = {isa = PBXBuildFile; fileRef = 673EDCEB2F44CF0300A03A47 /* TrunkControlScoreOption.swift */; };
		673EDCEF2F44E82600A03A47 /* SideTestProtocol.swift in Sources */ = {isa = PBXBuildFile; fileRef = 673EDCEE2F44E82600A03A47 /* SideTestProtocol.swift */; };
		673EDCF12F44F10400A03A47 /* TrunkControlPDFStrategy.swift in Sources */ = {isa = PBXBuildFile; fileRef = 673EDCF02F44F10400A03A47 /* TrunkControlPDFStrategy.swift */; };
		673EDCF32F44F2C600A03A47 /* TrunkControlItemPDF.swift in Sources */ = {isa = PBXBuildFile; fileRef = 673EDCF22F44F2C600A03A47 /* TrunkControlItemPDF.swift */; };
		674727202F34C79B007E2FFB /* MotricityIndex.swift in Sources */ = {isa = PBXBuildFile; fileRef = 6747271F2F34C79B007E2FFB /* MotricityIndex.swift */; };
		674727222F34CA8F007E2FFB /* TrunkControlTest.swift in Sources */ = {isa = PBXBuildFile; fileRef = 674727212F34CA8F007E2FFB /* TrunkControlTest.swift */; };
		6747272E2F350176007E2FFB /* MotricityIndexRepository.swift in Sources */ = {isa = PBXBuildFile; fileRef = 6747272D2F350176007E2FFB /* MotricityIndexRepository.swift */; };
		674727302F350184007E2FFB /* TrunkControlTestRepository.swift in Sources */ = {isa = PBXBuildFile; fileRef = 6747272F2F350184007E2FFB /* TrunkControlTestRepository.swift */; };
		674727322F35109B007E2FFB /* MotorIndexMapper.swift in Sources */ = {isa = PBXBuildFile; fileRef = 674727312F35109B007E2FFB /* MotorIndexMapper.swift */; };
		674727342F3511BE007E2FFB /* MotorIndexEntity.swift in Sources */ = {isa = PBXBuildFile; fileRef = 674727332F3511BE007E2FFB /* MotorIndexEntity.swift */; };
		674727362F351545007E2FFB /* TrunkControlEntity.swift in Sources */ = {isa = PBXBuildFile; fileRef = 674727352F351545007E2FFB /* TrunkControlEntity.swift */; };
		674727382F351676007E2FFB /* TrunkControlTestMapper.swift in Sources */ = {isa = PBXBuildFile; fileRef = 674727372F351676007E2FFB /* TrunkControlTestMapper.swift */; };
		674C49A72F2A837000B9273F /* NavigationRouter.swift in Sources */ = {isa = PBXBuildFile; fileRef = 674C49A62F2A837000B9273F /* NavigationRouter.swift */; };
		674EF2F92EDDC3D6000CF54C /* Assets.xcassets in Resources */ = {isa = PBXBuildFile; fileRef = 674EF2F42EDDC3D6000CF54C /* Assets.xcassets */; };
		674EF2FA2EDDC3D6000CF54C /* ContentView.swift in Sources */ = {isa = PBXBuildFile; fileRef = 674EF2F52EDDC3D6000CF54C /* ContentView.swift */; };
		674EF2FB2EDDC3D6000CF54C /* EscalasApp.swift in Sources */ = {isa = PBXBuildFile; fileRef = 674EF2F62EDDC3D6000CF54C /* EscalasApp.swift */; };
		674EF2FC2EDDC3D6000CF54C /* Item.swift in Sources */ = {isa = PBXBuildFile; fileRef = 674EF2F72EDDC3D6000CF54C /* Item.swift */; };
		674EF3432EDDC466000CF54C /* Patient.swift in Sources */ = {isa = PBXBuildFile; fileRef = 674EF3422EDDC45F000CF54C /* Patient.swift */; };
		674EF3472EDDC4C7000CF54C /* BergTest.swift in Sources */ = {isa = PBXBuildFile; fileRef = 674EF3462EDDC4C5000CF54C /* BergTest.swift */; };
		674EF38D2EDDF4D7000CF54C /* SaveBergTestUseCase.swift in Sources */ = {isa = PBXBuildFile; fileRef = 674EF38C2EDDF4CC000CF54C /* SaveBergTestUseCase.swift */; };
		674EF38F2EDDF4E2000CF54C /* GetPatientsUseCase.swift in Sources */ = {isa = PBXBuildFile; fileRef = 674EF38E2EDDF4DB000CF54C /* GetPatientsUseCase.swift */; };
		674EF3912EDDF4EC000CF54C /* GeneratePDFUseCase.swift in Sources */ = {isa = PBXBuildFile; fileRef = 674EF3902EDDF4E6000CF54C /* GeneratePDFUseCase.swift */; };
		674EF3942EDDF50E000CF54C /* PatientRepositoryProtocol.swift in Sources */ = {isa = PBXBuildFile; fileRef = 674EF3932EDDF50E000CF54C /* PatientRepositoryProtocol.swift */; };
		674EF3992EDE02A3000CF54C /* PatientEntity.swift in Sources */ = {isa = PBXBuildFile; fileRef = 674EF3982EDE02A3000CF54C /* PatientEntity.swift */; };
		674EF39B2EDE031F000CF54C /* BergTestEntity.swift in Sources */ = {isa = PBXBuildFile; fileRef = 674EF39A2EDE031F000CF54C /* BergTestEntity.swift */; };
		674EF39E2EDE0B2C000CF54C /* BergTestRepository.swift in Sources */ = {isa = PBXBuildFile; fileRef = 674EF39D2EDE0B2C000CF54C /* BergTestRepository.swift */; };
		674EF3A72EDE1892000CF54C /* BergTestMapper.swift in Sources */ = {isa = PBXBuildFile; fileRef = 674EF3A62EDE1892000CF54C /* BergTestMapper.swift */; };
		674EF3A92EDF1AE3000CF54C /* PatientRespository.swift in Sources */ = {isa = PBXBuildFile; fileRef = 674EF3A82EDF1AE3000CF54C /* PatientRespository.swift */; };
		674EF3AB2EDF4CE7000CF54C /* PatientMapper.swift in Sources */ = {isa = PBXBuildFile; fileRef = 674EF3AA2EDF4CE7000CF54C /* PatientMapper.swift */; };
		674EF3B22EDF6A73000CF54C /* EscalasTests.swift in Sources */ = {isa = PBXBuildFile; fileRef = 674EF3B02EDF6A73000CF54C /* EscalasTests.swift */; };
		67605F5E2F487FA700C905CC /* Berg.xcstrings in Resources */ = {isa = PBXBuildFile; fileRef = 67605F5D2F487FA700C905CC /* Berg.xcstrings */; };
		67605F612F4881F500C905CC /* TrunkControl.xcstrings in Resources */ = {isa = PBXBuildFile; fileRef = 67605F602F4881F500C905CC /* TrunkControl.xcstrings */; };
		67605F622F4881F500C905CC /* Motricity.xcstrings in Resources */ = {isa = PBXBuildFile; fileRef = 67605F5F2F4881F500C905CC /* Motricity.xcstrings */; };
		67605F642F48885300C905CC /* ScaleMenu.xcstrings in Resources */ = {isa = PBXBuildFile; fileRef = 67605F632F48885300C905CC /* ScaleMenu.xcstrings */; };
		67605F682F48C5C700C905CC /* ScalesInfo.xcstrings in Resources */ = {isa = PBXBuildFile; fileRef = 67605F672F48C5C700C905CC /* ScalesInfo.xcstrings */; };
		676B9B612F3CE16800DB8725 /* MotricityIndexViewModel.swift in Sources */ = {isa = PBXBuildFile; fileRef = 676B9B602F3CE16800DB8725 /* MotricityIndexViewModel.swift */; };
		676B9B642F3CE5A600DB8725 /* MotricityIndexCatalog.swift in Sources */ = {isa = PBXBuildFile; fileRef = 676B9B632F3CE5A600DB8725 /* MotricityIndexCatalog.swift */; };
		676B9B662F3CE6A100DB8725 /* MotricityItemDefinition.swift in Sources */ = {isa = PBXBuildFile; fileRef = 676B9B652F3CE6A100DB8725 /* MotricityItemDefinition.swift */; };
		676B9B682F3CE6B900DB8725 /* MotricityScoreOption.swift in Sources */ = {isa = PBXBuildFile; fileRef = 676B9B672F3CE6B900DB8725 /* MotricityScoreOption.swift */; };
		676B9B6A2F3CED4100DB8725 /* SaveMotricityIndexUseCase.swift in Sources */ = {isa = PBXBuildFile; fileRef = 676B9B692F3CED4100DB8725 /* SaveMotricityIndexUseCase.swift */; };
		678A224A2EF40A2F004A6F41 /* ScaleInfoView.swift in Sources */ = {isa = PBXBuildFile; fileRef = 678A22492EF40A2F004A6F41 /* ScaleInfoView.swift */; };
		678A224F2EF45FA0004A6F41 /* ScaleMenuViewModel.swift in Sources */ = {isa = PBXBuildFile; fileRef = 678A224E2EF45FA0004A6F41 /* ScaleMenuViewModel.swift */; };
		679D9DAB2F240804007CC799 /* BergItemPDF.swift in Sources */ = {isa = PBXBuildFile; fileRef = 679D9DAA2F240804007CC799 /* BergItemPDF.swift */; };
		67AC81142F3601B00063E2D9 /* TrunkControlTestView.swift in Sources */ = {isa = PBXBuildFile; fileRef = 67AC81132F3601B00063E2D9 /* TrunkControlTestView.swift */; };
		67AC81162F3601BB0063E2D9 /* MotricityIndexView.swift in Sources */ = {isa = PBXBuildFile; fileRef = 67AC81152F3601BB0063E2D9 /* MotricityIndexView.swift */; };
		67AC81182F3602530063E2D9 /* TrunkControlTestInfo.swift in Sources */ = {isa = PBXBuildFile; fileRef = 67AC81172F3602530063E2D9 /* TrunkControlTestInfo.swift */; };
		67AC811A2F3602590063E2D9 /* MotorIndexInfo.swift in Sources */ = {isa = PBXBuildFile; fileRef = 67AC81192F3602590063E2D9 /* MotorIndexInfo.swift */; };
		67C4316B2F3133DD00A2CCA3 /* Font+DesignSystem.swift in Sources */ = {isa = PBXBuildFile; fileRef = 67C4316A2F3133DD00A2CCA3 /* Font+DesignSystem.swift */; };
		67C464912F464B2100D8D945 /* ClinicalTestRepositoryProtocol.swift in Sources */ = {isa = PBXBuildFile; fileRef = 67C464902F464B2100D8D945 /* ClinicalTestRepositoryProtocol.swift */; };
		67C464932F4653FD00D8D945 /* BergTestRepositoryProtocol.swift in Sources */ = {isa = PBXBuildFile; fileRef = 67C464922F4653F400D8D945 /* BergTestRepositoryProtocol.swift */; };
		67C464952F46541400D8D945 /* MotricityIndexRepositoryProtocol.swift in Sources */ = {isa = PBXBuildFile; fileRef = 67C464942F46541400D8D945 /* MotricityIndexRepositoryProtocol.swift */; };
		67C464972F46542C00D8D945 /* TrunkControlTestRepositoryProtocol.swift in Sources */ = {isa = PBXBuildFile; fileRef = 67C464962F46542C00D8D945 /* TrunkControlTestRepositoryProtocol.swift */; };
		67C464992F465CF500D8D945 /* TestDetailView.swift in Sources */ = {isa = PBXBuildFile; fileRef = 67C464982F465CF500D8D945 /* TestDetailView.swift */; };
		67C4649B2F47382700D8D945 /* TestDetailViewModel.swift in Sources */ = {isa = PBXBuildFile; fileRef = 67C4649A2F47382700D8D945 /* TestDetailViewModel.swift */; };
		67C92A7B2F1D62B900F1721E /* BergTestViewModel.swift in Sources */ = {isa = PBXBuildFile; fileRef = 67C92A7A2F1D62B200F1721E /* BergTestViewModel.swift */; };
		67C92A7D2F1D62E400F1721E /* BergItemCatalog.swift in Sources */ = {isa = PBXBuildFile; fileRef = 67C92A7C2F1D62E400F1721E /* BergItemCatalog.swift */; };
		67C92A7F2F1D632A00F1721E /* BergItemDefinition.swift in Sources */ = {isa = PBXBuildFile; fileRef = 67C92A7E2F1D632A00F1721E /* BergItemDefinition.swift */; };
		67C92A812F1D633600F1721E /* BergScoreOption.swift in Sources */ = {isa = PBXBuildFile; fileRef = 67C92A802F1D633600F1721E /* BergScoreOption.swift */; };
		67CB90462EF1C8570067952C /* PatientDetailView.swift in Sources */ = {isa = PBXBuildFile; fileRef = 67CB90452EF1C8570067952C /* PatientDetailView.swift */; };
		67CB90492EF1CA3D0067952C /* PatientHistory.swift in Sources */ = {isa = PBXBuildFile; fileRef = 67CB90482EF1CA3D0067952C /* PatientHistory.swift */; };
		67CB908D2EF1CFAD0067952C /* ClinicalTestProtocol.swift in Sources */ = {isa = PBXBuildFile; fileRef = 67CB908C2EF1CFA70067952C /* ClinicalTestProtocol.swift */; };
		67CB908F2EF1D1E80067952C /* GetPatientTestsUseCase.swift in Sources */ = {isa = PBXBuildFile; fileRef = 67CB908E2EF1D1E80067952C /* GetPatientTestsUseCase.swift */; };
		67CB90912EF1DB530067952C /* PatientDetailViewModel.swift in Sources */ = {isa = PBXBuildFile; fileRef = 67CB90902EF1DB4D0067952C /* PatientDetailViewModel.swift */; };
		67CB90D52EF1F3A30067952C /* Models+Mock.swift in Sources */ = {isa = PBXBuildFile; fileRef = 67CB90D42EF1F3A30067952C /* Models+Mock.swift */; };
		67D827EE2F16AB850037BB35 /* ClinicalTestInfo.swift in Sources */ = {isa = PBXBuildFile; fileRef = 67D827ED2F16AB850037BB35 /* ClinicalTestInfo.swift */; };
		67D827F02F16AC2A0037BB35 /* ClinicalTestInfoRepository.swift in Sources */ = {isa = PBXBuildFile; fileRef = 67D827EF2F16AC2A0037BB35 /* ClinicalTestInfoRepository.swift */; };
		67D827F22F16AC6A0037BB35 /* ClinicalTestInfoProtocol.swift in Sources */ = {isa = PBXBuildFile; fileRef = 67D827F12F16AC640037BB35 /* ClinicalTestInfoProtocol.swift */; };
		67D827F42F16ACCE0037BB35 /* BergTestInfo.swift in Sources */ = {isa = PBXBuildFile; fileRef = 67D827F32F16ACCE0037BB35 /* BergTestInfo.swift */; };
		67DF220A2F223D930024A130 /* ScaleResultView.swift in Sources */ = {isa = PBXBuildFile; fileRef = 67DF22092F223D930024A130 /* ScaleResultView.swift */; };
		67DF220C2F224ABC0024A130 /* ScaleResultViewModel.swift in Sources */ = {isa = PBXBuildFile; fileRef = 67DF220B2F224ABC0024A130 /* ScaleResultViewModel.swift */; };
		67DF220E2F224E3B0024A130 /* GetPatientByIdUseCase.swift in Sources */ = {isa = PBXBuildFile; fileRef = 67DF220D2F224E3B0024A130 /* GetPatientByIdUseCase.swift */; };
		67DF22112F2291A50024A130 /* PDFGenerator.swift in Sources */ = {isa = PBXBuildFile; fileRef = 67DF22102F2291A50024A130 /* PDFGenerator.swift */; };
		67E221822EE3009600079E52 /* CreatePatientUseCase.swift in Sources */ = {isa = PBXBuildFile; fileRef = 67E221812EE3009600079E52 /* CreatePatientUseCase.swift */; };
		67FA9E002F1F9BD000DF5B3D /* CreateTestUseCase.swift in Sources */ = {isa = PBXBuildFile; fileRef = 67FA9DFF2F1F9BD000DF5B3D /* CreateTestUseCase.swift */; };
/* End PBXBuildFile section */

/* Begin PBXContainerItemProxy section */
		674EF2D72EDCB64F000CF54C /* PBXContainerItemProxy */ = {
			isa = PBXContainerItemProxy;
			containerPortal = 674EF2BF2EDCB64D000CF54C /* Project object */;
			proxyType = 1;
			remoteGlobalIDString = 674EF2C62EDCB64D000CF54C;
			remoteInfo = escalas;
		};
		674EF2E12EDCB64F000CF54C /* PBXContainerItemProxy */ = {
			isa = PBXContainerItemProxy;
			containerPortal = 674EF2BF2EDCB64D000CF54C /* Project object */;
			proxyType = 1;
			remoteGlobalIDString = 674EF2C62EDCB64D000CF54C;
			remoteInfo = escalas;
		};
/* End PBXContainerItemProxy section */

/* Begin PBXFileReference section */
		67256CF92EE0BC5B00D568EF /* HomeView.swift */ = {isa = PBXFileReference; lastKnownFileType = sourcecode.swift; path = HomeView.swift; sourceTree = "<group>"; };
		67256CFD2EE0C21400D568EF /* ScaleMenuView.swift */ = {isa = PBXFileReference; lastKnownFileType = sourcecode.swift; path = ScaleMenuView.swift; sourceTree = "<group>"; };
		67256CFF2EE0CB4F00D568EF /* PatientsView.swift */ = {isa = PBXFileReference; lastKnownFileType = sourcecode.swift; path = PatientsView.swift; sourceTree = "<group>"; };
		67256D082EE1908700D568EF /* BergTestView.swift */ = {isa = PBXFileReference; lastKnownFileType = sourcecode.swift; path = BergTestView.swift; sourceTree = "<group>"; };
		67256D0A2EE1916400D568EF /* PatientsViewModel.swift */ = {isa = PBXFileReference; lastKnownFileType = sourcecode.swift; path = PatientsViewModel.swift; sourceTree = "<group>"; };
		67256D522EE1A07D00D568EF /* Environment+Repositories.swift */ = {isa = PBXFileReference; lastKnownFileType = sourcecode.swift; path = "Environment+Repositories.swift"; sourceTree = "<group>"; };
		673778712F45E3FD00224CE9 /* Localizable.xcstrings */ = {isa = PBXFileReference; lastKnownFileType = text.json.xcstrings; path = Localizable.xcstrings; sourceTree = "<group>"; };
		673D774E2F4C7A3D004480C9 /* ContactView.swift */ = {isa = PBXFileReference; lastKnownFileType = sourcecode.swift; path = ContactView.swift; sourceTree = "<group>"; };
		673EDCD52F3E456C00A03A47 /* TestPDFStrategyProtocol.swift */ = {isa = PBXFileReference; lastKnownFileType = sourcecode.swift; path = TestPDFStrategyProtocol.swift; sourceTree = "<group>"; };
		673EDCD72F433F8F00A03A47 /* PDFLayout.swift */ = {isa = PBXFileReference; lastKnownFileType = sourcecode.swift; path = PDFLayout.swift; sourceTree = "<group>"; };
		673EDCDB2F43496900A03A47 /* BergPDFStrategy.swift */ = {isa = PBXFileReference; lastKnownFileType = sourcecode.swift; path = BergPDFStrategy.swift; sourceTree = "<group>"; };
		673EDCDD2F434F7E00A03A47 /* MotricityIndexPDFStrategy.swift */ = {isa = PBXFileReference; lastKnownFileType = sourcecode.swift; path = MotricityIndexPDFStrategy.swift; sourceTree = "<group>"; };
		673EDCE02F447C2B00A03A47 /* MotricityIndexItemPDF.swift */ = {isa = PBXFileReference; lastKnownFileType = sourcecode.swift; path = MotricityIndexItemPDF.swift; sourceTree = "<group>"; };
		673EDCE22F44C6AE00A03A47 /* SaveTrunkControlTestUseCase.swift */ = {isa = PBXFileReference; lastKnownFileType = sourcecode.swift; path = SaveTrunkControlTestUseCase.swift; sourceTree = "<group>"; };
		673EDCE42F44CA2600A03A47 /* TrunkControlTestViewModel.swift */ = {isa = PBXFileReference; lastKnownFileType = sourcecode.swift; path = TrunkControlTestViewModel.swift; sourceTree = "<group>"; };
		673EDCE72F44CEDA00A03A47 /* TrunkControlItemDefinition.swift */ = {isa = PBXFileReference; lastKnownFileType = sourcecode.swift; path = TrunkControlItemDefinition.swift; sourceTree = "<group>"; };
		673EDCE92F44CEE900A03A47 /* TrunkControlIndexCatalog.swift */ = {isa = PBXFileReference; lastKnownFileType = sourcecode.swift; path = TrunkControlIndexCatalog.swift; sourceTree = "<group>"; };
		673EDCEB2F44CF0300A03A47 /* TrunkControlScoreOption.swift */ = {isa = PBXFileReference; lastKnownFileType = sourcecode.swift; path = TrunkControlScoreOption.swift; sourceTree = "<group>"; };
		673EDCEE2F44E82600A03A47 /* SideTestProtocol.swift */ = {isa = PBXFileReference; lastKnownFileType = sourcecode.swift; path = SideTestProtocol.swift; sourceTree = "<group>"; };
		673EDCF02F44F10400A03A47 /* TrunkControlPDFStrategy.swift */ = {isa = PBXFileReference; lastKnownFileType = sourcecode.swift; path = TrunkControlPDFStrategy.swift; sourceTree = "<group>"; };
		673EDCF22F44F2C600A03A47 /* TrunkControlItemPDF.swift */ = {isa = PBXFileReference; lastKnownFileType = sourcecode.swift; path = TrunkControlItemPDF.swift; sourceTree = "<group>"; };
		6747271F2F34C79B007E2FFB /* MotricityIndex.swift */ = {isa = PBXFileReference; lastKnownFileType = sourcecode.swift; path = MotricityIndex.swift; sourceTree = "<group>"; };
		674727212F34CA8F007E2FFB /* TrunkControlTest.swift */ = {isa = PBXFileReference; lastKnownFileType = sourcecode.swift; path = TrunkControlTest.swift; sourceTree = "<group>"; };
		6747272D2F350176007E2FFB /* MotricityIndexRepository.swift */ = {isa = PBXFileReference; lastKnownFileType = sourcecode.swift; path = MotricityIndexRepository.swift; sourceTree = "<group>"; };
		6747272F2F350184007E2FFB /* TrunkControlTestRepository.swift */ = {isa = PBXFileReference; lastKnownFileType = sourcecode.swift; path = TrunkControlTestRepository.swift; sourceTree = "<group>"; };
		674727312F35109B007E2FFB /* MotorIndexMapper.swift */ = {isa = PBXFileReference; lastKnownFileType = sourcecode.swift; path = MotorIndexMapper.swift; sourceTree = "<group>"; };
		674727332F3511BE007E2FFB /* MotorIndexEntity.swift */ = {isa = PBXFileReference; lastKnownFileType = sourcecode.swift; path = MotorIndexEntity.swift; sourceTree = "<group>"; };
		674727352F351545007E2FFB /* TrunkControlEntity.swift */ = {isa = PBXFileReference; lastKnownFileType = sourcecode.swift; path = TrunkControlEntity.swift; sourceTree = "<group>"; };
		674727372F351676007E2FFB /* TrunkControlTestMapper.swift */ = {isa = PBXFileReference; lastKnownFileType = sourcecode.swift; path = TrunkControlTestMapper.swift; sourceTree = "<group>"; };
		674C49A62F2A837000B9273F /* NavigationRouter.swift */ = {isa = PBXFileReference; lastKnownFileType = sourcecode.swift; path = NavigationRouter.swift; sourceTree = "<group>"; };
		674EF2C72EDCB64D000CF54C /* Escalas.app */ = {isa = PBXFileReference; explicitFileType = wrapper.application; includeInIndex = 0; path = Escalas.app; sourceTree = BUILT_PRODUCTS_DIR; };
		674EF2D62EDCB64F000CF54C /* EscalasTests.xctest */ = {isa = PBXFileReference; explicitFileType = wrapper.cfbundle; includeInIndex = 0; path = EscalasTests.xctest; sourceTree = BUILT_PRODUCTS_DIR; };
		674EF2E02EDCB64F000CF54C /* EscalasUITests.xctest */ = {isa = PBXFileReference; explicitFileType = wrapper.cfbundle; includeInIndex = 0; path = EscalasUITests.xctest; sourceTree = BUILT_PRODUCTS_DIR; };
		674EF2F42EDDC3D6000CF54C /* Assets.xcassets */ = {isa = PBXFileReference; lastKnownFileType = folder.assetcatalog; path = Assets.xcassets; sourceTree = "<group>"; };
		674EF2F52EDDC3D6000CF54C /* ContentView.swift */ = {isa = PBXFileReference; lastKnownFileType = sourcecode.swift; path = ContentView.swift; sourceTree = "<group>"; };
		674EF2F62EDDC3D6000CF54C /* EscalasApp.swift */ = {isa = PBXFileReference; lastKnownFileType = sourcecode.swift; path = EscalasApp.swift; sourceTree = "<group>"; };
		674EF2F72EDDC3D6000CF54C /* Item.swift */ = {isa = PBXFileReference; lastKnownFileType = sourcecode.swift; path = Item.swift; sourceTree = "<group>"; };
		674EF3422EDDC45F000CF54C /* Patient.swift */ = {isa = PBXFileReference; lastKnownFileType = sourcecode.swift; path = Patient.swift; sourceTree = "<group>"; };
		674EF3462EDDC4C5000CF54C /* BergTest.swift */ = {isa = PBXFileReference; lastKnownFileType = sourcecode.swift; path = BergTest.swift; sourceTree = "<group>"; };
		674EF38C2EDDF4CC000CF54C /* SaveBergTestUseCase.swift */ = {isa = PBXFileReference; lastKnownFileType = sourcecode.swift; path = SaveBergTestUseCase.swift; sourceTree = "<group>"; };
		674EF38E2EDDF4DB000CF54C /* GetPatientsUseCase.swift */ = {isa = PBXFileReference; lastKnownFileType = sourcecode.swift; path = GetPatientsUseCase.swift; sourceTree = "<group>"; };
		674EF3902EDDF4E6000CF54C /* GeneratePDFUseCase.swift */ = {isa = PBXFileReference; lastKnownFileType = sourcecode.swift; path = GeneratePDFUseCase.swift; sourceTree = "<group>"; };
		674EF3932EDDF50E000CF54C /* PatientRepositoryProtocol.swift */ = {isa = PBXFileReference; lastKnownFileType = sourcecode.swift; path = PatientRepositoryProtocol.swift; sourceTree = "<group>"; };
		674EF3982EDE02A3000CF54C /* PatientEntity.swift */ = {isa = PBXFileReference; lastKnownFileType = sourcecode.swift; path = PatientEntity.swift; sourceTree = "<group>"; };
		674EF39A2EDE031F000CF54C /* BergTestEntity.swift */ = {isa = PBXFileReference; lastKnownFileType = sourcecode.swift; path = BergTestEntity.swift; sourceTree = "<group>"; };
		674EF39D2EDE0B2C000CF54C /* BergTestRepository.swift */ = {isa = PBXFileReference; lastKnownFileType = sourcecode.swift; path = BergTestRepository.swift; sourceTree = "<group>"; };
		674EF3A62EDE1892000CF54C /* BergTestMapper.swift */ = {isa = PBXFileReference; lastKnownFileType = sourcecode.swift; path = BergTestMapper.swift; sourceTree = "<group>"; };
		674EF3A82EDF1AE3000CF54C /* PatientRespository.swift */ = {isa = PBXFileReference; lastKnownFileType = sourcecode.swift; path = PatientRespository.swift; sourceTree = "<group>"; };
		674EF3AA2EDF4CE7000CF54C /* PatientMapper.swift */ = {isa = PBXFileReference; lastKnownFileType = sourcecode.swift; path = PatientMapper.swift; sourceTree = "<group>"; };
		674EF3B02EDF6A73000CF54C /* EscalasTests.swift */ = {isa = PBXFileReference; lastKnownFileType = sourcecode.swift; path = EscalasTests.swift; sourceTree = "<group>"; };
		67605F5D2F487FA700C905CC /* Berg.xcstrings */ = {isa = PBXFileReference; lastKnownFileType = text.json.xcstrings; path = Berg.xcstrings; sourceTree = "<group>"; };
		67605F5F2F4881F500C905CC /* Motricity.xcstrings */ = {isa = PBXFileReference; lastKnownFileType = text.json.xcstrings; path = Motricity.xcstrings; sourceTree = "<group>"; };
		67605F602F4881F500C905CC /* TrunkControl.xcstrings */ = {isa = PBXFileReference; lastKnownFileType = text.json.xcstrings; path = TrunkControl.xcstrings; sourceTree = "<group>"; };
		67605F632F48885300C905CC /* ScaleMenu.xcstrings */ = {isa = PBXFileReference; lastKnownFileType = text.json.xcstrings; path = ScaleMenu.xcstrings; sourceTree = "<group>"; };
		67605F672F48C5C700C905CC /* ScalesInfo.xcstrings */ = {isa = PBXFileReference; lastKnownFileType = text.json.xcstrings; path = ScalesInfo.xcstrings; sourceTree = "<group>"; };
		676B9B602F3CE16800DB8725 /* MotricityIndexViewModel.swift */ = {isa = PBXFileReference; lastKnownFileType = sourcecode.swift; path = MotricityIndexViewModel.swift; sourceTree = "<group>"; };
		676B9B632F3CE5A600DB8725 /* MotricityIndexCatalog.swift */ = {isa = PBXFileReference; lastKnownFileType = sourcecode.swift; path = MotricityIndexCatalog.swift; sourceTree = "<group>"; };
		676B9B652F3CE6A100DB8725 /* MotricityItemDefinition.swift */ = {isa = PBXFileReference; lastKnownFileType = sourcecode.swift; path = MotricityItemDefinition.swift; sourceTree = "<group>"; };
		676B9B672F3CE6B900DB8725 /* MotricityScoreOption.swift */ = {isa = PBXFileReference; lastKnownFileType = sourcecode.swift; path = MotricityScoreOption.swift; sourceTree = "<group>"; };
		676B9B692F3CED4100DB8725 /* SaveMotricityIndexUseCase.swift */ = {isa = PBXFileReference; lastKnownFileType = sourcecode.swift; path = SaveMotricityIndexUseCase.swift; sourceTree = "<group>"; };
		678A22492EF40A2F004A6F41 /* ScaleInfoView.swift */ = {isa = PBXFileReference; lastKnownFileType = sourcecode.swift; path = ScaleInfoView.swift; sourceTree = "<group>"; };
		678A224E2EF45FA0004A6F41 /* ScaleMenuViewModel.swift */ = {isa = PBXFileReference; lastKnownFileType = sourcecode.swift; path = ScaleMenuViewModel.swift; sourceTree = "<group>"; };
		679D9DAA2F240804007CC799 /* BergItemPDF.swift */ = {isa = PBXFileReference; lastKnownFileType = sourcecode.swift; path = BergItemPDF.swift; sourceTree = "<group>"; };
		67AC81132F3601B00063E2D9 /* TrunkControlTestView.swift */ = {isa = PBXFileReference; lastKnownFileType = sourcecode.swift; path = TrunkControlTestView.swift; sourceTree = "<group>"; };
		67AC81152F3601BB0063E2D9 /* MotricityIndexView.swift */ = {isa = PBXFileReference; lastKnownFileType = sourcecode.swift; path = MotricityIndexView.swift; sourceTree = "<group>"; };
		67AC81172F3602530063E2D9 /* TrunkControlTestInfo.swift */ = {isa = PBXFileReference; lastKnownFileType = sourcecode.swift; path = TrunkControlTestInfo.swift; sourceTree = "<group>"; };
		67AC81192F3602590063E2D9 /* MotorIndexInfo.swift */ = {isa = PBXFileReference; lastKnownFileType = sourcecode.swift; path = MotorIndexInfo.swift; sourceTree = "<group>"; };
		67C4316A2F3133DD00A2CCA3 /* Font+DesignSystem.swift */ = {isa = PBXFileReference; lastKnownFileType = sourcecode.swift; path = "Font+DesignSystem.swift"; sourceTree = "<group>"; };
		67C464902F464B2100D8D945 /* ClinicalTestRepositoryProtocol.swift */ = {isa = PBXFileReference; lastKnownFileType = sourcecode.swift; path = ClinicalTestRepositoryProtocol.swift; sourceTree = "<group>"; };
		67C464922F4653F400D8D945 /* BergTestRepositoryProtocol.swift */ = {isa = PBXFileReference; lastKnownFileType = sourcecode.swift; path = BergTestRepositoryProtocol.swift; sourceTree = "<group>"; };
		67C464942F46541400D8D945 /* MotricityIndexRepositoryProtocol.swift */ = {isa = PBXFileReference; lastKnownFileType = sourcecode.swift; path = MotricityIndexRepositoryProtocol.swift; sourceTree = "<group>"; };
		67C464962F46542C00D8D945 /* TrunkControlTestRepositoryProtocol.swift */ = {isa = PBXFileReference; lastKnownFileType = sourcecode.swift; path = TrunkControlTestRepositoryProtocol.swift; sourceTree = "<group>"; };
		67C464982F465CF500D8D945 /* TestDetailView.swift */ = {isa = PBXFileReference; lastKnownFileType = sourcecode.swift; path = TestDetailView.swift; sourceTree = "<group>"; };
		67C4649A2F47382700D8D945 /* TestDetailViewModel.swift */ = {isa = PBXFileReference; lastKnownFileType = sourcecode.swift; path = TestDetailViewModel.swift; sourceTree = "<group>"; };
		67C92A7A2F1D62B200F1721E /* BergTestViewModel.swift */ = {isa = PBXFileReference; lastKnownFileType = sourcecode.swift; path = BergTestViewModel.swift; sourceTree = "<group>"; };
		67C92A7C2F1D62E400F1721E /* BergItemCatalog.swift */ = {isa = PBXFileReference; lastKnownFileType = sourcecode.swift; path = BergItemCatalog.swift; sourceTree = "<group>"; };
		67C92A7E2F1D632A00F1721E /* BergItemDefinition.swift */ = {isa = PBXFileReference; lastKnownFileType = sourcecode.swift; path = BergItemDefinition.swift; sourceTree = "<group>"; };
		67C92A802F1D633600F1721E /* BergScoreOption.swift */ = {isa = PBXFileReference; lastKnownFileType = sourcecode.swift; path = BergScoreOption.swift; sourceTree = "<group>"; };
		67CB90452EF1C8570067952C /* PatientDetailView.swift */ = {isa = PBXFileReference; lastKnownFileType = sourcecode.swift; path = PatientDetailView.swift; sourceTree = "<group>"; };
		67CB90482EF1CA3D0067952C /* PatientHistory.swift */ = {isa = PBXFileReference; lastKnownFileType = sourcecode.swift; path = PatientHistory.swift; sourceTree = "<group>"; };
		67CB908C2EF1CFA70067952C /* ClinicalTestProtocol.swift */ = {isa = PBXFileReference; lastKnownFileType = sourcecode.swift; path = ClinicalTestProtocol.swift; sourceTree = "<group>"; };
		67CB908E2EF1D1E80067952C /* GetPatientTestsUseCase.swift */ = {isa = PBXFileReference; lastKnownFileType = sourcecode.swift; path = GetPatientTestsUseCase.swift; sourceTree = "<group>"; };
		67CB90902EF1DB4D0067952C /* PatientDetailViewModel.swift */ = {isa = PBXFileReference; lastKnownFileType = sourcecode.swift; path = PatientDetailViewModel.swift; sourceTree = "<group>"; };
		67CB90D42EF1F3A30067952C /* Models+Mock.swift */ = {isa = PBXFileReference; lastKnownFileType = sourcecode.swift; path = "Models+Mock.swift"; sourceTree = "<group>"; };
		67D827ED2F16AB850037BB35 /* ClinicalTestInfo.swift */ = {isa = PBXFileReference; lastKnownFileType = sourcecode.swift; path = ClinicalTestInfo.swift; sourceTree = "<group>"; };
		67D827EF2F16AC2A0037BB35 /* ClinicalTestInfoRepository.swift */ = {isa = PBXFileReference; lastKnownFileType = sourcecode.swift; path = ClinicalTestInfoRepository.swift; sourceTree = "<group>"; };
		67D827F12F16AC640037BB35 /* ClinicalTestInfoProtocol.swift */ = {isa = PBXFileReference; lastKnownFileType = sourcecode.swift; path = ClinicalTestInfoProtocol.swift; sourceTree = "<group>"; };
		67D827F32F16ACCE0037BB35 /* BergTestInfo.swift */ = {isa = PBXFileReference; lastKnownFileType = sourcecode.swift; path = BergTestInfo.swift; sourceTree = "<group>"; };
		67DF22092F223D930024A130 /* ScaleResultView.swift */ = {isa = PBXFileReference; lastKnownFileType = sourcecode.swift; path = ScaleResultView.swift; sourceTree = "<group>"; };
		67DF220B2F224ABC0024A130 /* ScaleResultViewModel.swift */ = {isa = PBXFileReference; lastKnownFileType = sourcecode.swift; path = ScaleResultViewModel.swift; sourceTree = "<group>"; };
		67DF220D2F224E3B0024A130 /* GetPatientByIdUseCase.swift */ = {isa = PBXFileReference; lastKnownFileType = sourcecode.swift; path = GetPatientByIdUseCase.swift; sourceTree = "<group>"; };
		67DF22102F2291A50024A130 /* PDFGenerator.swift */ = {isa = PBXFileReference; lastKnownFileType = sourcecode.swift; path = PDFGenerator.swift; sourceTree = "<group>"; };
		67E221812EE3009600079E52 /* CreatePatientUseCase.swift */ = {isa = PBXFileReference; lastKnownFileType = sourcecode.swift; path = CreatePatientUseCase.swift; sourceTree = "<group>"; };
		67FA9DFF2F1F9BD000DF5B3D /* CreateTestUseCase.swift */ = {isa = PBXFileReference; lastKnownFileType = sourcecode.swift; path = CreateTestUseCase.swift; sourceTree = "<group>"; };
/* End PBXFileReference section */

/* Begin PBXFileSystemSynchronizedRootGroup section */
		674EF2E32EDCB64F000CF54C /* escalasUITests */ = {
			isa = PBXFileSystemSynchronizedRootGroup;
			path = escalasUITests;
			sourceTree = "<group>";
		};
/* End PBXFileSystemSynchronizedRootGroup section */

/* Begin PBXFrameworksBuildPhase section */
		674EF2C42EDCB64D000CF54C /* Frameworks */ = {
			isa = PBXFrameworksBuildPhase;
			buildActionMask = 2147483647;
			files = (
			);
			runOnlyForDeploymentPostprocessing = 0;
		};
		674EF2D32EDCB64F000CF54C /* Frameworks */ = {
			isa = PBXFrameworksBuildPhase;
			buildActionMask = 2147483647;
			files = (
			);
			runOnlyForDeploymentPostprocessing = 0;
		};
		674EF2DD2EDCB64F000CF54C /* Frameworks */ = {
			isa = PBXFrameworksBuildPhase;
			buildActionMask = 2147483647;
			files = (
			);
			runOnlyForDeploymentPostprocessing = 0;
		};
/* End PBXFrameworksBuildPhase section */

/* Begin PBXGroup section */
		67256CFB2EE0C1FD00D568EF /* Home */ = {
			isa = PBXGroup;
			children = (
				67256CF92EE0BC5B00D568EF /* HomeView.swift */,
				673D774E2F4C7A3D004480C9 /* ContactView.swift */,
			);
			path = Home;
			sourceTree = "<group>";
		};
		67256CFC2EE0C20400D568EF /* ScaleMenu */ = {
			isa = PBXGroup;
			children = (
				678A22492EF40A2F004A6F41 /* ScaleInfoView.swift */,
				67256CFD2EE0C21400D568EF /* ScaleMenuView.swift */,
				678A224E2EF45FA0004A6F41 /* ScaleMenuViewModel.swift */,
				67DF22092F223D930024A130 /* ScaleResultView.swift */,
				67DF220B2F224ABC0024A130 /* ScaleResultViewModel.swift */,
			);
			path = ScaleMenu;
			sourceTree = "<group>";
		};
		67256D012EE0CB5A00D568EF /* Patients */ = {
			isa = PBXGroup;
			children = (
				67C4649A2F47382700D8D945 /* TestDetailViewModel.swift */,
				67CB90902EF1DB4D0067952C /* PatientDetailViewModel.swift */,
				67256D0A2EE1916400D568EF /* PatientsViewModel.swift */,
				67256CFF2EE0CB4F00D568EF /* PatientsView.swift */,
				67CB90452EF1C8570067952C /* PatientDetailView.swift */,
				67C464982F465CF500D8D945 /* TestDetailView.swift */,
			);
			path = Patients;
			sourceTree = "<group>";
		};
		67256D032EE0CB6B00D568EF /* BergTest */ = {
			isa = PBXGroup;
			children = (
				67C92A822F1D6D3600F1721E /* Resources */,
				67C92A7A2F1D62B200F1721E /* BergTestViewModel.swift */,
				67256D082EE1908700D568EF /* BergTestView.swift */,
			);
			path = BergTest;
			sourceTree = "<group>";
		};
		673EDCD92F43493F00A03A47 /* PDF */ = {
			isa = PBXGroup;
			children = (
				673EDCDF2F447C0F00A03A47 /* ItemsPDF */,
				673EDCDA2F43494900A03A47 /* Strategies */,
				67DF22102F2291A50024A130 /* PDFGenerator.swift */,
				673EDCD72F433F8F00A03A47 /* PDFLayout.swift */,
			);
			path = PDF;
			sourceTree = "<group>";
		};
		673EDCDA2F43494900A03A47 /* Strategies */ = {
			isa = PBXGroup;
			children = (
				673EDCDD2F434F7E00A03A47 /* MotricityIndexPDFStrategy.swift */,
				673EDCDB2F43496900A03A47 /* BergPDFStrategy.swift */,
				673EDCF02F44F10400A03A47 /* TrunkControlPDFStrategy.swift */,
			);
			path = Strategies;
			sourceTree = "<group>";
		};
		673EDCDF2F447C0F00A03A47 /* ItemsPDF */ = {
			isa = PBXGroup;
			children = (
				679D9DAA2F240804007CC799 /* BergItemPDF.swift */,
				673EDCE02F447C2B00A03A47 /* MotricityIndexItemPDF.swift */,
				673EDCF22F44F2C600A03A47 /* TrunkControlItemPDF.swift */,
			);
			path = ItemsPDF;
			sourceTree = "<group>";
		};
		673EDCE62F44CA2B00A03A47 /* Resources */ = {
			isa = PBXGroup;
			children = (
				673EDCE72F44CEDA00A03A47 /* TrunkControlItemDefinition.swift */,
				673EDCE92F44CEE900A03A47 /* TrunkControlIndexCatalog.swift */,
				673EDCEB2F44CF0300A03A47 /* TrunkControlScoreOption.swift */,
			);
			path = Resources;
			sourceTree = "<group>";
		};
		673EDCED2F44E5F500A03A47 /* Repositories */ = {
			isa = PBXGroup;
			children = (
				67C464922F4653F400D8D945 /* BergTestRepositoryProtocol.swift */,
				674EF3932EDDF50E000CF54C /* PatientRepositoryProtocol.swift */,
				67C464902F464B2100D8D945 /* ClinicalTestRepositoryProtocol.swift */,
				67C464942F46541400D8D945 /* MotricityIndexRepositoryProtocol.swift */,
				67C464962F46542C00D8D945 /* TrunkControlTestRepositoryProtocol.swift */,
			);
			path = Repositories;
			sourceTree = "<group>";
		};
		674EF2BE2EDCB64D000CF54C = {
			isa = PBXGroup;
			children = (
				674EF2F82EDDC3D6000CF54C /* Escalas */,
				674EF3B12EDF6A73000CF54C /* EscalasTests */,
				674EF2E32EDCB64F000CF54C /* escalasUITests */,
				674EF2C82EDCB64D000CF54C /* Products */,
			);
			sourceTree = "<group>";
		};
		674EF2C82EDCB64D000CF54C /* Products */ = {
			isa = PBXGroup;
			children = (
				674EF2C72EDCB64D000CF54C /* Escalas.app */,
				674EF2D62EDCB64F000CF54C /* EscalasTests.xctest */,
				674EF2E02EDCB64F000CF54C /* EscalasUITests.xctest */,
			);
			name = Products;
			sourceTree = "<group>";
		};
		674EF2F82EDDC3D6000CF54C /* Escalas */ = {
			isa = PBXGroup;
			children = (
				67C431692F3133CA00A2CCA3 /* Support */,
				674EF3412EDDC41A000CF54C /* Data */,
				674EF3402EDDC415000CF54C /* Domain */,
				674EF2FD2EDDC3DD000CF54C /* Presentation */,
				67605F582F487EAD00C905CC /* Localizables */,
				674EF2F42EDDC3D6000CF54C /* Assets.xcassets */,
				674EF2F52EDDC3D6000CF54C /* ContentView.swift */,
				674C49A62F2A837000B9273F /* NavigationRouter.swift */,
				674EF2F62EDDC3D6000CF54C /* EscalasApp.swift */,
				674EF2F72EDDC3D6000CF54C /* Item.swift */,
			);
			path = Escalas;
			sourceTree = "<group>";
		};
		674EF2FD2EDDC3DD000CF54C /* Presentation */ = {
			isa = PBXGroup;
			children = (
				67256CFB2EE0C1FD00D568EF /* Home */,
				67256D012EE0CB5A00D568EF /* Patients */,
				67256CFC2EE0C20400D568EF /* ScaleMenu */,
				67256D032EE0CB6B00D568EF /* BergTest */,
				67AC81112F3601870063E2D9 /* MotricityIndex */,
				67AC81122F36018F0063E2D9 /* TrunkControlTest */,
			);
			path = Presentation;
			sourceTree = "<group>";
		};
		674EF3402EDDC415000CF54C /* Domain */ = {
			isa = PBXGroup;
			children = (
				674EF3922EDDF4FA000CF54C /* Protocols */,
				674EF38B2EDDF4C5000CF54C /* UseCases */,
				674EF38A2EDDC4EA000CF54C /* Entities */,
			);
			path = Domain;
			sourceTree = "<group>";
		};
		674EF3412EDDC41A000CF54C /* Data */ = {
			isa = PBXGroup;
			children = (
				67DF220F2F2291970024A130 /* Services */,
				67256D522EE1A07D00D568EF /* Environment+Repositories.swift */,
				674EF3A52EDE1885000CF54C /* Mappers */,
				674EF39C2EDE0B1A000CF54C /* Repositories */,
				674EF3972EDE028A000CF54C /* Persistence */,
			);
			path = Data;
			sourceTree = "<group>";
		};
		674EF38A2EDDC4EA000CF54C /* Entities */ = {
			isa = PBXGroup;
			children = (
				678A224D2EF41431004A6F41 /* Patient */,
				678A224C2EF41420004A6F41 /* Scales */,
				678A224B2EF41412004A6F41 /* ScalesInfo */,
				67CB90D42EF1F3A30067952C /* Models+Mock.swift */,
			);
			path = Entities;
			sourceTree = "<group>";
		};
		674EF38B2EDDF4C5000CF54C /* UseCases */ = {
			isa = PBXGroup;
			children = (
				67FA9DFE2F1F9BBB00DF5B3D /* Scales */,
				67CB90472EF1C8E90067952C /* Patients */,
				674EF3902EDDF4E6000CF54C /* GeneratePDFUseCase.swift */,
			);
			path = UseCases;
			sourceTree = "<group>";
		};
		674EF3922EDDF4FA000CF54C /* Protocols */ = {
			isa = PBXGroup;
			children = (
				673EDCED2F44E5F500A03A47 /* Repositories */,
				67D827F12F16AC640037BB35 /* ClinicalTestInfoProtocol.swift */,
				67CB908C2EF1CFA70067952C /* ClinicalTestProtocol.swift */,
				673EDCD52F3E456C00A03A47 /* TestPDFStrategyProtocol.swift */,
				673EDCEE2F44E82600A03A47 /* SideTestProtocol.swift */,
			);
			path = Protocols;
			sourceTree = "<group>";
		};
		674EF3972EDE028A000CF54C /* Persistence */ = {
			isa = PBXGroup;
			children = (
				674EF3982EDE02A3000CF54C /* PatientEntity.swift */,
				674EF39A2EDE031F000CF54C /* BergTestEntity.swift */,
				674727332F3511BE007E2FFB /* MotorIndexEntity.swift */,
				674727352F351545007E2FFB /* TrunkControlEntity.swift */,
			);
			path = Persistence;
			sourceTree = "<group>";
		};
		674EF39C2EDE0B1A000CF54C /* Repositories */ = {
			isa = PBXGroup;
			children = (
				674EF39D2EDE0B2C000CF54C /* BergTestRepository.swift */,
				674EF3A82EDF1AE3000CF54C /* PatientRespository.swift */,
				67D827EF2F16AC2A0037BB35 /* ClinicalTestInfoRepository.swift */,
				6747272D2F350176007E2FFB /* MotricityIndexRepository.swift */,
				6747272F2F350184007E2FFB /* TrunkControlTestRepository.swift */,
			);
			path = Repositories;
			sourceTree = "<group>";
		};
		674EF3A52EDE1885000CF54C /* Mappers */ = {
			isa = PBXGroup;
			children = (
				674EF3A62EDE1892000CF54C /* BergTestMapper.swift */,
				674EF3AA2EDF4CE7000CF54C /* PatientMapper.swift */,
				674727312F35109B007E2FFB /* MotorIndexMapper.swift */,
				674727372F351676007E2FFB /* TrunkControlTestMapper.swift */,
			);
			path = Mappers;
			sourceTree = "<group>";
		};
		674EF3B12EDF6A73000CF54C /* EscalasTests */ = {
			isa = PBXGroup;
			children = (
				674EF3B02EDF6A73000CF54C /* EscalasTests.swift */,
			);
			path = EscalasTests;
			sourceTree = "<group>";
		};
		67605F582F487EAD00C905CC /* Localizables */ = {
			isa = PBXGroup;
			children = (
				673778712F45E3FD00224CE9 /* Localizable.xcstrings */,
				67605F632F48885300C905CC /* ScaleMenu.xcstrings */,
				67605F5D2F487FA700C905CC /* Berg.xcstrings */,
				67605F5F2F4881F500C905CC /* Motricity.xcstrings */,
				67605F602F4881F500C905CC /* TrunkControl.xcstrings */,
				67605F672F48C5C700C905CC /* ScalesInfo.xcstrings */,
			);
			path = Localizables;
			sourceTree = "<group>";
		};
		676B9B622F3CE18600DB8725 /* Resources */ = {
			isa = PBXGroup;
			children = (
				676B9B632F3CE5A600DB8725 /* MotricityIndexCatalog.swift */,
				676B9B652F3CE6A100DB8725 /* MotricityItemDefinition.swift */,
				676B9B672F3CE6B900DB8725 /* MotricityScoreOption.swift */,
			);
			path = Resources;
			sourceTree = "<group>";
		};
		678A224B2EF41412004A6F41 /* ScalesInfo */ = {
			isa = PBXGroup;
			children = (
				67D827ED2F16AB850037BB35 /* ClinicalTestInfo.swift */,
				67D827F32F16ACCE0037BB35 /* BergTestInfo.swift */,
				67AC81172F3602530063E2D9 /* TrunkControlTestInfo.swift */,
				67AC81192F3602590063E2D9 /* MotorIndexInfo.swift */,
			);
			path = ScalesInfo;
			sourceTree = "<group>";
		};
		678A224C2EF41420004A6F41 /* Scales */ = {
			isa = PBXGroup;
			children = (
				674EF3462EDDC4C5000CF54C /* BergTest.swift */,
				6747271F2F34C79B007E2FFB /* MotricityIndex.swift */,
				674727212F34CA8F007E2FFB /* TrunkControlTest.swift */,
			);
			path = Scales;
			sourceTree = "<group>";
		};
		678A224D2EF41431004A6F41 /* Patient */ = {
			isa = PBXGroup;
			children = (
				674EF3422EDDC45F000CF54C /* Patient.swift */,
				67CB90482EF1CA3D0067952C /* PatientHistory.swift */,
			);
			path = Patient;
			sourceTree = "<group>";
		};
		67AC81112F3601870063E2D9 /* MotricityIndex */ = {
			isa = PBXGroup;
			children = (
				676B9B622F3CE18600DB8725 /* Resources */,
				67AC81152F3601BB0063E2D9 /* MotricityIndexView.swift */,
				676B9B602F3CE16800DB8725 /* MotricityIndexViewModel.swift */,
			);
			path = MotricityIndex;
			sourceTree = "<group>";
		};
		67AC81122F36018F0063E2D9 /* TrunkControlTest */ = {
			isa = PBXGroup;
			children = (
				673EDCE62F44CA2B00A03A47 /* Resources */,
				67AC81132F3601B00063E2D9 /* TrunkControlTestView.swift */,
				673EDCE42F44CA2600A03A47 /* TrunkControlTestViewModel.swift */,
			);
			path = TrunkControlTest;
			sourceTree = "<group>";
		};
		67C431692F3133CA00A2CCA3 /* Support */ = {
			isa = PBXGroup;
			children = (
				67C4316A2F3133DD00A2CCA3 /* Font+DesignSystem.swift */,
			);
			path = Support;
			sourceTree = "<group>";
		};
		67C92A822F1D6D3600F1721E /* Resources */ = {
			isa = PBXGroup;
			children = (
				67C92A802F1D633600F1721E /* BergScoreOption.swift */,
				67C92A7C2F1D62E400F1721E /* BergItemCatalog.swift */,
				67C92A7E2F1D632A00F1721E /* BergItemDefinition.swift */,
			);
			path = Resources;
			sourceTree = "<group>";
		};
		67CB90472EF1C8E90067952C /* Patients */ = {
			isa = PBXGroup;
			children = (
				674EF38E2EDDF4DB000CF54C /* GetPatientsUseCase.swift */,
				67E221812EE3009600079E52 /* CreatePatientUseCase.swift */,
				67CB908E2EF1D1E80067952C /* GetPatientTestsUseCase.swift */,
				67DF220D2F224E3B0024A130 /* GetPatientByIdUseCase.swift */,
			);
			path = Patients;
			sourceTree = "<group>";
		};
		67DF220F2F2291970024A130 /* Services */ = {
			isa = PBXGroup;
			children = (
				673EDCD92F43493F00A03A47 /* PDF */,
			);
			path = Services;
			sourceTree = "<group>";
		};
		67FA9DFE2F1F9BBB00DF5B3D /* Scales */ = {
			isa = PBXGroup;
			children = (
				67FA9DFF2F1F9BD000DF5B3D /* CreateTestUseCase.swift */,
				674EF38C2EDDF4CC000CF54C /* SaveBergTestUseCase.swift */,
				676B9B692F3CED4100DB8725 /* SaveMotricityIndexUseCase.swift */,
				673EDCE22F44C6AE00A03A47 /* SaveTrunkControlTestUseCase.swift */,
			);
			path = Scales;
			sourceTree = "<group>";
		};
/* End PBXGroup section */

/* Begin PBXNativeTarget section */
		674EF2C62EDCB64D000CF54C /* Escalas */ = {
			isa = PBXNativeTarget;
			buildConfigurationList = 674EF2EA2EDCB64F000CF54C /* Build configuration list for PBXNativeTarget "Escalas" */;
			buildPhases = (
				674EF2C32EDCB64D000CF54C /* Sources */,
				674EF2C42EDCB64D000CF54C /* Frameworks */,
				674EF2C52EDCB64D000CF54C /* Resources */,
			);
			buildRules = (
			);
			dependencies = (
			);
			name = Escalas;
			packageProductDependencies = (
			);
			productName = escalas;
			productReference = 674EF2C72EDCB64D000CF54C /* Escalas.app */;
			productType = "com.apple.product-type.application";
		};
		674EF2D52EDCB64F000CF54C /* EscalasTests */ = {
			isa = PBXNativeTarget;
			buildConfigurationList = 674EF2ED2EDCB64F000CF54C /* Build configuration list for PBXNativeTarget "EscalasTests" */;
			buildPhases = (
				674EF2D22EDCB64F000CF54C /* Sources */,
				674EF2D32EDCB64F000CF54C /* Frameworks */,
				674EF2D42EDCB64F000CF54C /* Resources */,
			);
			buildRules = (
			);
			dependencies = (
				674EF2D82EDCB64F000CF54C /* PBXTargetDependency */,
			);
			name = EscalasTests;
			packageProductDependencies = (
			);
			productName = escalasTests;
			productReference = 674EF2D62EDCB64F000CF54C /* EscalasTests.xctest */;
			productType = "com.apple.product-type.bundle.unit-test";
		};
		674EF2DF2EDCB64F000CF54C /* EscalasUITests */ = {
			isa = PBXNativeTarget;
			buildConfigurationList = 674EF2F02EDCB64F000CF54C /* Build configuration list for PBXNativeTarget "EscalasUITests" */;
			buildPhases = (
				674EF2DC2EDCB64F000CF54C /* Sources */,
				674EF2DD2EDCB64F000CF54C /* Frameworks */,
				674EF2DE2EDCB64F000CF54C /* Resources */,
			);
			buildRules = (
			);
			dependencies = (
				674EF2E22EDCB64F000CF54C /* PBXTargetDependency */,
			);
			name = EscalasUITests;
			packageProductDependencies = (
			);
			productName = escalasUITests;
			productReference = 674EF2E02EDCB64F000CF54C /* EscalasUITests.xctest */;
			productType = "com.apple.product-type.bundle.ui-testing";
		};
/* End PBXNativeTarget section */

/* Begin PBXProject section */
		674EF2BF2EDCB64D000CF54C /* Project object */ = {
			isa = PBXProject;
			attributes = {
				BuildIndependentTargetsInParallel = 1;
				LastSwiftUpdateCheck = 2600;
				LastUpgradeCheck = 2600;
				TargetAttributes = {
					674EF2C62EDCB64D000CF54C = {
						CreatedOnToolsVersion = 26.0.1;
					};
					674EF2D52EDCB64F000CF54C = {
						CreatedOnToolsVersion = 26.0.1;
						TestTargetID = 674EF2C62EDCB64D000CF54C;
					};
					674EF2DF2EDCB64F000CF54C = {
						CreatedOnToolsVersion = 26.0.1;
						TestTargetID = 674EF2C62EDCB64D000CF54C;
					};
				};
			};
			buildConfigurationList = 674EF2C22EDCB64D000CF54C /* Build configuration list for PBXProject "Escalas" */;
			developmentRegion = es;
			hasScannedForEncodings = 0;
			knownRegions = (
				en,
				Base,
				es,
			);
			mainGroup = 674EF2BE2EDCB64D000CF54C;
			minimizedProjectReferenceProxies = 1;
			preferredProjectObjectVersion = 77;
			productRefGroup = 674EF2C82EDCB64D000CF54C /* Products */;
			projectDirPath = "";
			projectRoot = "";
			targets = (
				674EF2C62EDCB64D000CF54C /* Escalas */,
				674EF2D52EDCB64F000CF54C /* EscalasTests */,
				674EF2DF2EDCB64F000CF54C /* EscalasUITests */,
			);
		};
/* End PBXProject section */

/* Begin PBXResourcesBuildPhase section */
		674EF2C52EDCB64D000CF54C /* Resources */ = {
			isa = PBXResourcesBuildPhase;
			buildActionMask = 2147483647;
			files = (
				67605F612F4881F500C905CC /* TrunkControl.xcstrings in Resources */,
				67605F642F48885300C905CC /* ScaleMenu.xcstrings in Resources */,
				67605F622F4881F500C905CC /* Motricity.xcstrings in Resources */,
				67605F682F48C5C700C905CC /* ScalesInfo.xcstrings in Resources */,
				673778722F45E3FD00224CE9 /* Localizable.xcstrings in Resources */,
				67605F5E2F487FA700C905CC /* Berg.xcstrings in Resources */,
				674EF2F92EDDC3D6000CF54C /* Assets.xcassets in Resources */,
			);
			runOnlyForDeploymentPostprocessing = 0;
		};
		674EF2D42EDCB64F000CF54C /* Resources */ = {
			isa = PBXResourcesBuildPhase;
			buildActionMask = 2147483647;
			files = (
			);
			runOnlyForDeploymentPostprocessing = 0;
		};
		674EF2DE2EDCB64F000CF54C /* Resources */ = {
			isa = PBXResourcesBuildPhase;
			buildActionMask = 2147483647;
			files = (
			);
			runOnlyForDeploymentPostprocessing = 0;
		};
/* End PBXResourcesBuildPhase section */

/* Begin PBXSourcesBuildPhase section */
		674EF2C32EDCB64D000CF54C /* Sources */ = {
			isa = PBXSourcesBuildPhase;
			buildActionMask = 2147483647;
			files = (
				67C464912F464B2100D8D945 /* ClinicalTestRepositoryProtocol.swift in Sources */,
				674EF39B2EDE031F000CF54C /* BergTestEntity.swift in Sources */,
				67256D532EE1A08300D568EF /* Environment+Repositories.swift in Sources */,
				673EDCF32F44F2C600A03A47 /* TrunkControlItemPDF.swift in Sources */,
				673EDCE82F44CEDA00A03A47 /* TrunkControlItemDefinition.swift in Sources */,
				673EDCE52F44CA2600A03A47 /* TrunkControlTestViewModel.swift in Sources */,
				674EF39E2EDE0B2C000CF54C /* BergTestRepository.swift in Sources */,
				674EF2FA2EDDC3D6000CF54C /* ContentView.swift in Sources */,
				674727202F34C79B007E2FFB /* MotricityIndex.swift in Sources */,
				67256D002EE0CB4F00D568EF /* PatientsView.swift in Sources */,
				67D827EE2F16AB850037BB35 /* ClinicalTestInfo.swift in Sources */,
				67C464952F46541400D8D945 /* MotricityIndexRepositoryProtocol.swift in Sources */,
				67D827F22F16AC6A0037BB35 /* ClinicalTestInfoProtocol.swift in Sources */,
				67CB90462EF1C8570067952C /* PatientDetailView.swift in Sources */,
				67CB908D2EF1CFAD0067952C /* ClinicalTestProtocol.swift in Sources */,
				676B9B6A2F3CED4100DB8725 /* SaveMotricityIndexUseCase.swift in Sources */,
				676B9B682F3CE6B900DB8725 /* MotricityScoreOption.swift in Sources */,
				673EDCF12F44F10400A03A47 /* TrunkControlPDFStrategy.swift in Sources */,
				674727342F3511BE007E2FFB /* MotorIndexEntity.swift in Sources */,
				673EDCE12F447C2B00A03A47 /* MotricityIndexItemPDF.swift in Sources */,
				67256D092EE1908700D568EF /* BergTestView.swift in Sources */,
				67AC811A2F3602590063E2D9 /* MotorIndexInfo.swift in Sources */,
				673D774F2F4C7A3D004480C9 /* ContactView.swift in Sources */,
				67DF220C2F224ABC0024A130 /* ScaleResultViewModel.swift in Sources */,
				67E221822EE3009600079E52 /* CreatePatientUseCase.swift in Sources */,
				674727302F350184007E2FFB /* TrunkControlTestRepository.swift in Sources */,
				673EDCD82F433F8F00A03A47 /* PDFLayout.swift in Sources */,
				67AC81142F3601B00063E2D9 /* TrunkControlTestView.swift in Sources */,
				67FA9E002F1F9BD000DF5B3D /* CreateTestUseCase.swift in Sources */,
				679D9DAB2F240804007CC799 /* BergItemPDF.swift in Sources */,
				67DF220E2F224E3B0024A130 /* GetPatientByIdUseCase.swift in Sources */,
				673EDCDE2F434F8600A03A47 /* MotricityIndexPDFStrategy.swift in Sources */,
				676B9B662F3CE6A100DB8725 /* MotricityItemDefinition.swift in Sources */,
				674EF3992EDE02A3000CF54C /* PatientEntity.swift in Sources */,
				674727222F34CA8F007E2FFB /* TrunkControlTest.swift in Sources */,
				674727322F35109B007E2FFB /* MotorIndexMapper.swift in Sources */,
				67AC81162F3601BB0063E2D9 /* MotricityIndexView.swift in Sources */,
				674727382F351676007E2FFB /* TrunkControlTestMapper.swift in Sources */,
				674EF3912EDDF4EC000CF54C /* GeneratePDFUseCase.swift in Sources */,
				67DF220A2F223D930024A130 /* ScaleResultView.swift in Sources */,
				676B9B642F3CE5A600DB8725 /* MotricityIndexCatalog.swift in Sources */,
				673EDCEA2F44CEE900A03A47 /* TrunkControlIndexCatalog.swift in Sources */,
				673EDCDC2F43496900A03A47 /* BergPDFStrategy.swift in Sources */,
				67256CFA2EE0BC5B00D568EF /* HomeView.swift in Sources */,
				67C92A7B2F1D62B900F1721E /* BergTestViewModel.swift in Sources */,
				674EF38F2EDDF4E2000CF54C /* GetPatientsUseCase.swift in Sources */,
				673EDCEC2F44CF0300A03A47 /* TrunkControlScoreOption.swift in Sources */,
				67C4316B2F3133DD00A2CCA3 /* Font+DesignSystem.swift in Sources */,
				67C464992F465CF500D8D945 /* TestDetailView.swift in Sources */,
				67D827F02F16AC2A0037BB35 /* ClinicalTestInfoRepository.swift in Sources */,
				674C49A72F2A837000B9273F /* NavigationRouter.swift in Sources */,
				674EF3A72EDE1892000CF54C /* BergTestMapper.swift in Sources */,
				674EF3432EDDC466000CF54C /* Patient.swift in Sources */,
				67C92A812F1D633600F1721E /* BergScoreOption.swift in Sources */,
				67CB90912EF1DB530067952C /* PatientDetailViewModel.swift in Sources */,
				67CB908F2EF1D1E80067952C /* GetPatientTestsUseCase.swift in Sources */,
				67CB90D52EF1F3A30067952C /* Models+Mock.swift in Sources */,
				673EDCEF2F44E82600A03A47 /* SideTestProtocol.swift in Sources */,
				67256CFE2EE0C21400D568EF /* ScaleMenuView.swift in Sources */,
				673EDCD62F3E456C00A03A47 /* TestPDFStrategyProtocol.swift in Sources */,
				674EF3AB2EDF4CE7000CF54C /* PatientMapper.swift in Sources */,
				67AC81182F3602530063E2D9 /* TrunkControlTestInfo.swift in Sources */,
				674EF2FB2EDDC3D6000CF54C /* EscalasApp.swift in Sources */,
				674EF3472EDDC4C7000CF54C /* BergTest.swift in Sources */,
				678A224A2EF40A2F004A6F41 /* ScaleInfoView.swift in Sources */,
				674EF38D2EDDF4D7000CF54C /* SaveBergTestUseCase.swift in Sources */,
				67C4649B2F47382700D8D945 /* TestDetailViewModel.swift in Sources */,
				676B9B612F3CE16800DB8725 /* MotricityIndexViewModel.swift in Sources */,
				67D827F42F16ACCE0037BB35 /* BergTestInfo.swift in Sources */,
				674EF3A92EDF1AE3000CF54C /* PatientRespository.swift in Sources */,
				6747272E2F350176007E2FFB /* MotricityIndexRepository.swift in Sources */,
				67256D0B2EE1916B00D568EF /* PatientsViewModel.swift in Sources */,
				67C92A7F2F1D632A00F1721E /* BergItemDefinition.swift in Sources */,
				67C92A7D2F1D62E400F1721E /* BergItemCatalog.swift in Sources */,
				674EF3942EDDF50E000CF54C /* PatientRepositoryProtocol.swift in Sources */,
				678A224F2EF45FA0004A6F41 /* ScaleMenuViewModel.swift in Sources */,
				67C464932F4653FD00D8D945 /* BergTestRepositoryProtocol.swift in Sources */,
				67C464972F46542C00D8D945 /* TrunkControlTestRepositoryProtocol.swift in Sources */,
				673EDCE32F44C6AE00A03A47 /* SaveTrunkControlTestUseCase.swift in Sources */,
				67CB90492EF1CA3D0067952C /* PatientHistory.swift in Sources */,
				674727362F351545007E2FFB /* TrunkControlEntity.swift in Sources */,
				67DF22112F2291A50024A130 /* PDFGenerator.swift in Sources */,
				674EF2FC2EDDC3D6000CF54C /* Item.swift in Sources */,
			);
			runOnlyForDeploymentPostprocessing = 0;
		};
		674EF2D22EDCB64F000CF54C /* Sources */ = {
			isa = PBXSourcesBuildPhase;
			buildActionMask = 2147483647;
			files = (
				674EF3B22EDF6A73000CF54C /* EscalasTests.swift in Sources */,
			);
			runOnlyForDeploymentPostprocessing = 0;
		};
		674EF2DC2EDCB64F000CF54C /* Sources */ = {
			isa = PBXSourcesBuildPhase;
			buildActionMask = 2147483647;
			files = (
			);
			runOnlyForDeploymentPostprocessing = 0;
		};
/* End PBXSourcesBuildPhase section */

/* Begin PBXTargetDependency section */
		674EF2D82EDCB64F000CF54C /* PBXTargetDependency */ = {
			isa = PBXTargetDependency;
			target = 674EF2C62EDCB64D000CF54C /* Escalas */;
			targetProxy = 674EF2D72EDCB64F000CF54C /* PBXContainerItemProxy */;
		};
		674EF2E22EDCB64F000CF54C /* PBXTargetDependency */ = {
			isa = PBXTargetDependency;
			target = 674EF2C62EDCB64D000CF54C /* Escalas */;
			targetProxy = 674EF2E12EDCB64F000CF54C /* PBXContainerItemProxy */;
		};
/* End PBXTargetDependency section */

/* Begin XCBuildConfiguration section */
		674EF2E82EDCB64F000CF54C /* Debug */ = {
			isa = XCBuildConfiguration;
			buildSettings = {
				ALWAYS_SEARCH_USER_PATHS = NO;
				ASSETCATALOG_COMPILER_GENERATE_SWIFT_ASSET_SYMBOL_EXTENSIONS = YES;
				CLANG_ANALYZER_NONNULL = YES;
				CLANG_ANALYZER_NUMBER_OBJECT_CONVERSION = YES_AGGRESSIVE;
				CLANG_CXX_LANGUAGE_STANDARD = "gnu++20";
				CLANG_ENABLE_MODULES = YES;
				CLANG_ENABLE_OBJC_ARC = YES;
				CLANG_ENABLE_OBJC_WEAK = YES;
				CLANG_WARN_BLOCK_CAPTURE_AUTORELEASING = YES;
				CLANG_WARN_BOOL_CONVERSION = YES;
				CLANG_WARN_COMMA = YES;
				CLANG_WARN_CONSTANT_CONVERSION = YES;
				CLANG_WARN_DEPRECATED_OBJC_IMPLEMENTATIONS = YES;
				CLANG_WARN_DIRECT_OBJC_ISA_USAGE = YES_ERROR;
				CLANG_WARN_DOCUMENTATION_COMMENTS = YES;
				CLANG_WARN_EMPTY_BODY = YES;
				CLANG_WARN_ENUM_CONVERSION = YES;
				CLANG_WARN_INFINITE_RECURSION = YES;
				CLANG_WARN_INT_CONVERSION = YES;
				CLANG_WARN_NON_LITERAL_NULL_CONVERSION = YES;
				CLANG_WARN_OBJC_IMPLICIT_RETAIN_SELF = YES;
				CLANG_WARN_OBJC_LITERAL_CONVERSION = YES;
				CLANG_WARN_OBJC_ROOT_CLASS = YES_ERROR;
				CLANG_WARN_QUOTED_INCLUDE_IN_FRAMEWORK_HEADER = YES;
				CLANG_WARN_RANGE_LOOP_ANALYSIS = YES;
				CLANG_WARN_STRICT_PROTOTYPES = YES;
				CLANG_WARN_SUSPICIOUS_MOVE = YES;
				CLANG_WARN_UNGUARDED_AVAILABILITY = YES_AGGRESSIVE;
				CLANG_WARN_UNREACHABLE_CODE = YES;
				CLANG_WARN__DUPLICATE_METHOD_MATCH = YES;
				COPY_PHASE_STRIP = NO;
				DEBUG_INFORMATION_FORMAT = dwarf;
				DEVELOPMENT_TEAM = ADCUTL8YP7;
				ENABLE_STRICT_OBJC_MSGSEND = YES;
				ENABLE_TESTABILITY = YES;
				ENABLE_USER_SCRIPT_SANDBOXING = YES;
				GCC_C_LANGUAGE_STANDARD = gnu17;
				GCC_DYNAMIC_NO_PIC = NO;
				GCC_NO_COMMON_BLOCKS = YES;
				GCC_OPTIMIZATION_LEVEL = 0;
				GCC_PREPROCESSOR_DEFINITIONS = (
					"DEBUG=1",
					"$(inherited)",
				);
				GCC_WARN_64_TO_32_BIT_CONVERSION = YES;
				GCC_WARN_ABOUT_RETURN_TYPE = YES_ERROR;
				GCC_WARN_UNDECLARED_SELECTOR = YES;
				GCC_WARN_UNINITIALIZED_AUTOS = YES_AGGRESSIVE;
				GCC_WARN_UNUSED_FUNCTION = YES;
				GCC_WARN_UNUSED_VARIABLE = YES;
				INFOPLIST_KEY_UILaunchScreen_Generation = NO;
				IPHONEOS_DEPLOYMENT_TARGET = 26.0;
				LOCALIZATION_PREFERS_STRING_CATALOGS = YES;
				MTL_ENABLE_DEBUG_INFO = INCLUDE_SOURCE;
				MTL_FAST_MATH = YES;
				ONLY_ACTIVE_ARCH = YES;
				SDKROOT = iphoneos;
				SWIFT_ACTIVE_COMPILATION_CONDITIONS = "DEBUG $(inherited)";
				SWIFT_EMIT_LOC_STRINGS = YES;
				SWIFT_OPTIMIZATION_LEVEL = "-Onone";
			};
			name = Debug;
		};
		674EF2E92EDCB64F000CF54C /* Release */ = {
			isa = XCBuildConfiguration;
			buildSettings = {
				ALWAYS_SEARCH_USER_PATHS = NO;
				ASSETCATALOG_COMPILER_GENERATE_SWIFT_ASSET_SYMBOL_EXTENSIONS = YES;
				CLANG_ANALYZER_NONNULL = YES;
				CLANG_ANALYZER_NUMBER_OBJECT_CONVERSION = YES_AGGRESSIVE;
				CLANG_CXX_LANGUAGE_STANDARD = "gnu++20";
				CLANG_ENABLE_MODULES = YES;
				CLANG_ENABLE_OBJC_ARC = YES;
				CLANG_ENABLE_OBJC_WEAK = YES;
				CLANG_WARN_BLOCK_CAPTURE_AUTORELEASING = YES;
				CLANG_WARN_BOOL_CONVERSION = YES;
				CLANG_WARN_COMMA = YES;
				CLANG_WARN_CONSTANT_CONVERSION = YES;
				CLANG_WARN_DEPRECATED_OBJC_IMPLEMENTATIONS = YES;
				CLANG_WARN_DIRECT_OBJC_ISA_USAGE = YES_ERROR;
				CLANG_WARN_DOCUMENTATION_COMMENTS = YES;
				CLANG_WARN_EMPTY_BODY = YES;
				CLANG_WARN_ENUM_CONVERSION = YES;
				CLANG_WARN_INFINITE_RECURSION = YES;
				CLANG_WARN_INT_CONVERSION = YES;
				CLANG_WARN_NON_LITERAL_NULL_CONVERSION = YES;
				CLANG_WARN_OBJC_IMPLICIT_RETAIN_SELF = YES;
				CLANG_WARN_OBJC_LITERAL_CONVERSION = YES;
				CLANG_WARN_OBJC_ROOT_CLASS = YES_ERROR;
				CLANG_WARN_QUOTED_INCLUDE_IN_FRAMEWORK_HEADER = YES;
				CLANG_WARN_RANGE_LOOP_ANALYSIS = YES;
				CLANG_WARN_STRICT_PROTOTYPES = YES;
				CLANG_WARN_SUSPICIOUS_MOVE = YES;
				CLANG_WARN_UNGUARDED_AVAILABILITY = YES_AGGRESSIVE;
				CLANG_WARN_UNREACHABLE_CODE = YES;
				CLANG_WARN__DUPLICATE_METHOD_MATCH = YES;
				COPY_PHASE_STRIP = NO;
				DEBUG_INFORMATION_FORMAT = "dwarf-with-dsym";
				DEVELOPMENT_TEAM = ADCUTL8YP7;
				ENABLE_NS_ASSERTIONS = NO;
				ENABLE_STRICT_OBJC_MSGSEND = YES;
				ENABLE_USER_SCRIPT_SANDBOXING = YES;
				GCC_C_LANGUAGE_STANDARD = gnu17;
				GCC_NO_COMMON_BLOCKS = YES;
				GCC_WARN_64_TO_32_BIT_CONVERSION = YES;
				GCC_WARN_ABOUT_RETURN_TYPE = YES_ERROR;
				GCC_WARN_UNDECLARED_SELECTOR = YES;
				GCC_WARN_UNINITIALIZED_AUTOS = YES_AGGRESSIVE;
				GCC_WARN_UNUSED_FUNCTION = YES;
				GCC_WARN_UNUSED_VARIABLE = YES;
				INFOPLIST_KEY_UILaunchScreen_Generation = NO;
				IPHONEOS_DEPLOYMENT_TARGET = 26.0;
				LOCALIZATION_PREFERS_STRING_CATALOGS = YES;
				MTL_ENABLE_DEBUG_INFO = NO;
				MTL_FAST_MATH = YES;
				SDKROOT = iphoneos;
				SWIFT_COMPILATION_MODE = wholemodule;
				SWIFT_EMIT_LOC_STRINGS = YES;
				VALIDATE_PRODUCT = YES;
			};
			name = Release;
		};
		674EF2EB2EDCB64F000CF54C /* Debug */ = {
			isa = XCBuildConfiguration;
			buildSettings = {
				ASSETCATALOG_COMPILER_APPICON_NAME = AppIcon;
				ASSETCATALOG_COMPILER_GLOBAL_ACCENT_COLOR_NAME = AccentColor;
				CODE_SIGN_STYLE = Automatic;
				CURRENT_PROJECT_VERSION = 1;
				DEVELOPMENT_TEAM = ADCUTL8YP7;
				ENABLE_PREVIEWS = YES;
				GENERATE_INFOPLIST_FILE = YES;
				INFOPLIST_KEY_LSApplicationCategoryType = "public.app-category.medical";
				INFOPLIST_KEY_UIApplicationSceneManifest_Generation = YES;
				INFOPLIST_KEY_UIApplicationSupportsIndirectInputEvents = YES;
				INFOPLIST_KEY_UILaunchScreen_Generation = YES;
				INFOPLIST_KEY_UISupportedInterfaceOrientations_iPad = "UIInterfaceOrientationPortrait UIInterfaceOrientationPortraitUpsideDown UIInterfaceOrientationLandscapeLeft UIInterfaceOrientationLandscapeRight";
				INFOPLIST_KEY_UISupportedInterfaceOrientations_iPhone = "UIInterfaceOrientationPortrait UIInterfaceOrientationLandscapeLeft UIInterfaceOrientationLandscapeRight";
				LD_RUNPATH_SEARCH_PATHS = (
					"$(inherited)",
					"@executable_path/Frameworks",
				);
				MARKETING_VERSION = 1.0;
				PRODUCT_BUNDLE_IDENTIFIER = com.aentrena.Escalas;
				PRODUCT_NAME = "$(TARGET_NAME)";
				STRING_CATALOG_GENERATE_SYMBOLS = YES;
				SUPPORTED_PLATFORMS = "iphoneos iphonesimulator";
				SUPPORTS_MACCATALYST = NO;
				SUPPORTS_MAC_DESIGNED_FOR_IPHONE_IPAD = NO;
				SUPPORTS_XR_DESIGNED_FOR_IPHONE_IPAD = NO;
				SWIFT_APPROACHABLE_CONCURRENCY = YES;
				SWIFT_DEFAULT_ACTOR_ISOLATION = MainActor;
				SWIFT_EMIT_LOC_STRINGS = YES;
				SWIFT_UPCOMING_FEATURE_MEMBER_IMPORT_VISIBILITY = YES;
				SWIFT_VERSION = 5.0;
				TARGETED_DEVICE_FAMILY = "1,2";
			};
			name = Debug;
		};
		674EF2EC2EDCB64F000CF54C /* Release */ = {
			isa = XCBuildConfiguration;
			buildSettings = {
				ASSETCATALOG_COMPILER_APPICON_NAME = AppIcon;
				ASSETCATALOG_COMPILER_GLOBAL_ACCENT_COLOR_NAME = AccentColor;
				CODE_SIGN_STYLE = Automatic;
				CURRENT_PROJECT_VERSION = 1;
				DEVELOPMENT_TEAM = ADCUTL8YP7;
				ENABLE_PREVIEWS = YES;
				GENERATE_INFOPLIST_FILE = YES;
				INFOPLIST_KEY_LSApplicationCategoryType = "public.app-category.medical";
				INFOPLIST_KEY_UIApplicationSceneManifest_Generation = YES;
				INFOPLIST_KEY_UIApplicationSupportsIndirectInputEvents = YES;
				INFOPLIST_KEY_UILaunchScreen_Generation = YES;
				INFOPLIST_KEY_UISupportedInterfaceOrientations_iPad = "UIInterfaceOrientationPortrait UIInterfaceOrientationPortraitUpsideDown UIInterfaceOrientationLandscapeLeft UIInterfaceOrientationLandscapeRight";
				INFOPLIST_KEY_UISupportedInterfaceOrientations_iPhone = "UIInterfaceOrientationPortrait UIInterfaceOrientationLandscapeLeft UIInterfaceOrientationLandscapeRight";
				LD_RUNPATH_SEARCH_PATHS = (
					"$(inherited)",
					"@executable_path/Frameworks",
				);
				MARKETING_VERSION = 1.0;
				PRODUCT_BUNDLE_IDENTIFIER = com.aentrena.Escalas;
				PRODUCT_NAME = "$(TARGET_NAME)";
				STRING_CATALOG_GENERATE_SYMBOLS = YES;
				SUPPORTED_PLATFORMS = "iphoneos iphonesimulator";
				SUPPORTS_MACCATALYST = NO;
				SUPPORTS_MAC_DESIGNED_FOR_IPHONE_IPAD = NO;
				SUPPORTS_XR_DESIGNED_FOR_IPHONE_IPAD = NO;
				SWIFT_APPROACHABLE_CONCURRENCY = YES;
				SWIFT_DEFAULT_ACTOR_ISOLATION = MainActor;
				SWIFT_EMIT_LOC_STRINGS = YES;
				SWIFT_UPCOMING_FEATURE_MEMBER_IMPORT_VISIBILITY = YES;
				SWIFT_VERSION = 5.0;
				TARGETED_DEVICE_FAMILY = "1,2";
			};
			name = Release;
		};
		674EF2EE2EDCB64F000CF54C /* Debug */ = {
			isa = XCBuildConfiguration;
			buildSettings = {
				BUNDLE_LOADER = "$(TEST_HOST)";
				CODE_SIGN_STYLE = Automatic;
				CURRENT_PROJECT_VERSION = 1;
				DEVELOPMENT_TEAM = ADCUTL8YP7;
				GENERATE_INFOPLIST_FILE = YES;
				IPHONEOS_DEPLOYMENT_TARGET = 26.0;
				MARKETING_VERSION = 1.0;
				PRODUCT_BUNDLE_IDENTIFIER = com.aentrena.escalasTests;
				PRODUCT_NAME = "$(TARGET_NAME)";
				STRING_CATALOG_GENERATE_SYMBOLS = NO;
				SWIFT_APPROACHABLE_CONCURRENCY = YES;
				SWIFT_EMIT_LOC_STRINGS = NO;
				SWIFT_UPCOMING_FEATURE_MEMBER_IMPORT_VISIBILITY = YES;
				SWIFT_VERSION = 5.0;
				TARGETED_DEVICE_FAMILY = "1,2";
				TEST_HOST = "$(BUILT_PRODUCTS_DIR)/Escalas.app/$(BUNDLE_EXECUTABLE_FOLDER_PATH)/Escalas";
			};
			name = Debug;
		};
		674EF2EF2EDCB64F000CF54C /* Release */ = {
			isa = XCBuildConfiguration;
			buildSettings = {
				BUNDLE_LOADER = "$(TEST_HOST)";
				CODE_SIGN_STYLE = Automatic;
				CURRENT_PROJECT_VERSION = 1;
				DEVELOPMENT_TEAM = ADCUTL8YP7;
				GENERATE_INFOPLIST_FILE = YES;
				IPHONEOS_DEPLOYMENT_TARGET = 26.0;
				MARKETING_VERSION = 1.0;
				PRODUCT_BUNDLE_IDENTIFIER = com.aentrena.escalasTests;
				PRODUCT_NAME = "$(TARGET_NAME)";
				STRING_CATALOG_GENERATE_SYMBOLS = NO;
				SWIFT_APPROACHABLE_CONCURRENCY = YES;
				SWIFT_EMIT_LOC_STRINGS = NO;
				SWIFT_UPCOMING_FEATURE_MEMBER_IMPORT_VISIBILITY = YES;
				SWIFT_VERSION = 5.0;
				TARGETED_DEVICE_FAMILY = "1,2";
				TEST_HOST = "$(BUILT_PRODUCTS_DIR)/Escalas.app/$(BUNDLE_EXECUTABLE_FOLDER_PATH)/Escalas";
			};
			name = Release;
		};
		674EF2F12EDCB64F000CF54C /* Debug */ = {
			isa = XCBuildConfiguration;
			buildSettings = {
				CODE_SIGN_STYLE = Automatic;
				CURRENT_PROJECT_VERSION = 1;
				DEVELOPMENT_TEAM = ADCUTL8YP7;
				GENERATE_INFOPLIST_FILE = YES;
				MARKETING_VERSION = 1.0;
				PRODUCT_BUNDLE_IDENTIFIER = com.aentrena.escalasUITests;
				PRODUCT_NAME = "$(TARGET_NAME)";
				STRING_CATALOG_GENERATE_SYMBOLS = NO;
				SWIFT_APPROACHABLE_CONCURRENCY = YES;
				SWIFT_EMIT_LOC_STRINGS = NO;
				SWIFT_UPCOMING_FEATURE_MEMBER_IMPORT_VISIBILITY = YES;
				SWIFT_VERSION = 5.0;
				TARGETED_DEVICE_FAMILY = "1,2";
				TEST_TARGET_NAME = escalas;
			};
			name = Debug;
		};
		674EF2F22EDCB64F000CF54C /* Release */ = {
			isa = XCBuildConfiguration;
			buildSettings = {
				CODE_SIGN_STYLE = Automatic;
				CURRENT_PROJECT_VERSION = 1;
				DEVELOPMENT_TEAM = ADCUTL8YP7;
				GENERATE_INFOPLIST_FILE = YES;
				MARKETING_VERSION = 1.0;
				PRODUCT_BUNDLE_IDENTIFIER = com.aentrena.escalasUITests;
				PRODUCT_NAME = "$(TARGET_NAME)";
				STRING_CATALOG_GENERATE_SYMBOLS = NO;
				SWIFT_APPROACHABLE_CONCURRENCY = YES;
				SWIFT_EMIT_LOC_STRINGS = NO;
				SWIFT_UPCOMING_FEATURE_MEMBER_IMPORT_VISIBILITY = YES;
				SWIFT_VERSION = 5.0;
				TARGETED_DEVICE_FAMILY = "1,2";
				TEST_TARGET_NAME = escalas;
			};
			name = Release;
		};
/* End XCBuildConfiguration section */

/* Begin XCConfigurationList section */
		674EF2C22EDCB64D000CF54C /* Build configuration list for PBXProject "Escalas" */ = {
			isa = XCConfigurationList;
			buildConfigurations = (
				674EF2E82EDCB64F000CF54C /* Debug */,
				674EF2E92EDCB64F000CF54C /* Release */,
			);
			defaultConfigurationIsVisible = 0;
			defaultConfigurationName = Release;
		};
		674EF2EA2EDCB64F000CF54C /* Build configuration list for PBXNativeTarget "Escalas" */ = {
			isa = XCConfigurationList;
			buildConfigurations = (
				674EF2EB2EDCB64F000CF54C /* Debug */,
				674EF2EC2EDCB64F000CF54C /* Release */,
			);
			defaultConfigurationIsVisible = 0;
			defaultConfigurationName = Release;
		};
		674EF2ED2EDCB64F000CF54C /* Build configuration list for PBXNativeTarget "EscalasTests" */ = {
			isa = XCConfigurationList;
			buildConfigurations = (
				674EF2EE2EDCB64F000CF54C /* Debug */,
				674EF2EF2EDCB64F000CF54C /* Release */,
			);
			defaultConfigurationIsVisible = 0;
			defaultConfigurationName = Release;
		};
		674EF2F02EDCB64F000CF54C /* Build configuration list for PBXNativeTarget "EscalasUITests" */ = {
			isa = XCConfigurationList;
			buildConfigurations = (
				674EF2F12EDCB64F000CF54C /* Debug */,
				674EF2F22EDCB64F000CF54C /* Release */,
			);
			defaultConfigurationIsVisible = 0;
			defaultConfigurationName = Release;
		};
/* End XCConfigurationList section */
	};
	rootObject = 674EF2BF2EDCB64D000CF54C /* Project object */;
}
