// !$*UTF8*$!
{
	archiveVersion = 1;
	classes = {
	};
	objectVersion = 77;
	objects = {

/* Begin PBXBuildFile section */
		67256CFA2EE0BC5B00D568EF /* HomeView.swift in Sources */ = {isa = PBXBuildFile; fileRef = 67256CF92EE0BC5B00D568EF /* HomeView.swift */; };
		67256CFE2EE0C21400D568EF /* ScaleMenuView.swift in Sources */ = {isa = PBXBuildFile; fileRef = 67256CFD2EE0C21400D568EF /* ScaleMenuView.swift */; };
		67256D002EE0CB4F00D568EF /* PatientsView.swift in Sources */ = {isa = PBXBuildFile; fileRef = 67256CFF2EE0CB4F00D568EF /* PatientsView.swift */; };
		67256D092EE1908700D568EF /* BergTestFormView.swift in Sources */ = {isa = PBXBuildFile; fileRef = 67256D082EE1908700D568EF /* BergTestFormView.swift */; };
		67256D0B2EE1916B00D568EF /* PatientsViewModel.swift in Sources */ = {isa = PBXBuildFile; fileRef = 67256D0A2EE1916400D568EF /* PatientsViewModel.swift */; };
		67256D532EE1A08300D568EF /* Environment+Repositories.swift in Sources */ = {isa = PBXBuildFile; fileRef = 67256D522EE1A07D00D568EF /* Environment+Repositories.swift */; };
		674EF2F92EDDC3D6000CF54C /* Assets.xcassets in Resources */ = {isa = PBXBuildFile; fileRef = 674EF2F42EDDC3D6000CF54C /* Assets.xcassets */; };
		674EF2FA2EDDC3D6000CF54C /* ContentView.swift in Sources */ = {isa = PBXBuildFile; fileRef = 674EF2F52EDDC3D6000CF54C /* ContentView.swift */; };
		674EF2FB2EDDC3D6000CF54C /* escalasApp.swift in Sources */ = {isa = PBXBuildFile; fileRef = 674EF2F62EDDC3D6000CF54C /* escalasApp.swift */; };
		674EF2FC2EDDC3D6000CF54C /* Item.swift in Sources */ = {isa = PBXBuildFile; fileRef = 674EF2F72EDDC3D6000CF54C /* Item.swift */; };
		674EF3432EDDC466000CF54C /* Patient.swift in Sources */ = {isa = PBXBuildFile; fileRef = 674EF3422EDDC45F000CF54C /* Patient.swift */; };
		674EF3472EDDC4C7000CF54C /* BergTest.swift in Sources */ = {isa = PBXBuildFile; fileRef = 674EF3462EDDC4C5000CF54C /* BergTest.swift */; };
		674EF38D2EDDF4D7000CF54C /* SaveBergTestUseCase.swift in Sources */ = {isa = PBXBuildFile; fileRef = 674EF38C2EDDF4CC000CF54C /* SaveBergTestUseCase.swift */; };
		674EF38F2EDDF4E2000CF54C /* GetPatientUseCase.swift in Sources */ = {isa = PBXBuildFile; fileRef = 674EF38E2EDDF4DB000CF54C /* GetPatientUseCase.swift */; };
		674EF3912EDDF4EC000CF54C /* GeneratePDFUseCase.swift in Sources */ = {isa = PBXBuildFile; fileRef = 674EF3902EDDF4E6000CF54C /* GeneratePDFUseCase.swift */; };
		674EF3942EDDF50E000CF54C /* PatientRepositoryProtocol.swift in Sources */ = {isa = PBXBuildFile; fileRef = 674EF3932EDDF50E000CF54C /* PatientRepositoryProtocol.swift */; };
		674EF3962EDDF518000CF54C /* BergTestRespositoryProtocol.swift in Sources */ = {isa = PBXBuildFile; fileRef = 674EF3952EDDF518000CF54C /* BergTestRespositoryProtocol.swift */; };
		674EF3992EDE02A3000CF54C /* PatientEntity.swift in Sources */ = {isa = PBXBuildFile; fileRef = 674EF3982EDE02A3000CF54C /* PatientEntity.swift */; };
		674EF39B2EDE031F000CF54C /* BergTestEntity.swift in Sources */ = {isa = PBXBuildFile; fileRef = 674EF39A2EDE031F000CF54C /* BergTestEntity.swift */; };
		674EF39E2EDE0B2C000CF54C /* BergTestRepository.swift in Sources */ = {isa = PBXBuildFile; fileRef = 674EF39D2EDE0B2C000CF54C /* BergTestRepository.swift */; };
		674EF3A72EDE1892000CF54C /* BergTestMapper.swift in Sources */ = {isa = PBXBuildFile; fileRef = 674EF3A62EDE1892000CF54C /* BergTestMapper.swift */; };
		674EF3A92EDF1AE3000CF54C /* PatientRespository.swift in Sources */ = {isa = PBXBuildFile; fileRef = 674EF3A82EDF1AE3000CF54C /* PatientRespository.swift */; };
		674EF3AB2EDF4CE7000CF54C /* PatientMapper.swift in Sources */ = {isa = PBXBuildFile; fileRef = 674EF3AA2EDF4CE7000CF54C /* PatientMapper.swift */; };
		674EF3B22EDF6A73000CF54C /* escalasTests.swift in Sources */ = {isa = PBXBuildFile; fileRef = 674EF3B02EDF6A73000CF54C /* escalasTests.swift */; };
		67CB90462EF1C8570067952C /* PatientDetailView.swift in Sources */ = {isa = PBXBuildFile; fileRef = 67CB90452EF1C8570067952C /* PatientDetailView.swift */; };
		67CB90492EF1CA3D0067952C /* PatientHistory.swift in Sources */ = {isa = PBXBuildFile; fileRef = 67CB90482EF1CA3D0067952C /* PatientHistory.swift */; };
		67CB908D2EF1CFAD0067952C /* ClinicalTestProtocol.swift in Sources */ = {isa = PBXBuildFile; fileRef = 67CB908C2EF1CFA70067952C /* ClinicalTestProtocol.swift */; };
		67CB908F2EF1D1E80067952C /* GetPatientTestsUseCase.swift in Sources */ = {isa = PBXBuildFile; fileRef = 67CB908E2EF1D1E80067952C /* GetPatientTestsUseCase.swift */; };
		67CB90912EF1DB530067952C /* PatientDetailViewModel.swift in Sources */ = {isa = PBXBuildFile; fileRef = 67CB90902EF1DB4D0067952C /* PatientDetailViewModel.swift */; };
		67CB90D52EF1F3A30067952C /* Models+Mock.swift in Sources */ = {isa = PBXBuildFile; fileRef = 67CB90D42EF1F3A30067952C /* Models+Mock.swift */; };
		67E221822EE3009600079E52 /* CreatePatientUseCase.swift in Sources */ = {isa = PBXBuildFile; fileRef = 67E221812EE3009600079E52 /* CreatePatientUseCase.swift */; };
/* End PBXBuildFile section */

/* Begin PBXContainerItemProxy section */
		674EF2D72EDCB64F000CF54C /* PBXContainerItemProxy */ = {
			isa = PBXContainerItemProxy;
			containerPortal = 674EF2BF2EDCB64D000CF54C /* Project object */;
			proxyType = 1;
			remoteGlobalIDString = 674EF2C62EDCB64D000CF54C;
			remoteInfo = escalas;
		};
		674EF2E12EDCB64F000CF54C /* PBXContainerItemProxy */ = {
			isa = PBXContainerItemProxy;
			containerPortal = 674EF2BF2EDCB64D000CF54C /* Project object */;
			proxyType = 1;
			remoteGlobalIDString = 674EF2C62EDCB64D000CF54C;
			remoteInfo = escalas;
		};
/* End PBXContainerItemProxy section */

/* Begin PBXFileReference section */
		67256CF92EE0BC5B00D568EF /* HomeView.swift */ = {isa = PBXFileReference; lastKnownFileType = sourcecode.swift; path = HomeView.swift; sourceTree = "<group>"; };
		67256CFD2EE0C21400D568EF /* ScaleMenuView.swift */ = {isa = PBXFileReference; lastKnownFileType = sourcecode.swift; path = ScaleMenuView.swift; sourceTree = "<group>"; };
		67256CFF2EE0CB4F00D568EF /* PatientsView.swift */ = {isa = PBXFileReference; lastKnownFileType = sourcecode.swift; path = PatientsView.swift; sourceTree = "<group>"; };
		67256D082EE1908700D568EF /* BergTestFormView.swift */ = {isa = PBXFileReference; lastKnownFileType = sourcecode.swift; path = BergTestFormView.swift; sourceTree = "<group>"; };
		67256D0A2EE1916400D568EF /* PatientsViewModel.swift */ = {isa = PBXFileReference; lastKnownFileType = sourcecode.swift; path = PatientsViewModel.swift; sourceTree = "<group>"; };
		67256D522EE1A07D00D568EF /* Environment+Repositories.swift */ = {isa = PBXFileReference; lastKnownFileType = sourcecode.swift; path = "Environment+Repositories.swift"; sourceTree = "<group>"; };
		674EF2C72EDCB64D000CF54C /* escalas.app */ = {isa = PBXFileReference; explicitFileType = wrapper.application; includeInIndex = 0; path = escalas.app; sourceTree = BUILT_PRODUCTS_DIR; };
		674EF2D62EDCB64F000CF54C /* escalasTests.xctest */ = {isa = PBXFileReference; explicitFileType = wrapper.cfbundle; includeInIndex = 0; path = escalasTests.xctest; sourceTree = BUILT_PRODUCTS_DIR; };
		674EF2E02EDCB64F000CF54C /* escalasUITests.xctest */ = {isa = PBXFileReference; explicitFileType = wrapper.cfbundle; includeInIndex = 0; path = escalasUITests.xctest; sourceTree = BUILT_PRODUCTS_DIR; };
		674EF2F42EDDC3D6000CF54C /* Assets.xcassets */ = {isa = PBXFileReference; lastKnownFileType = folder.assetcatalog; path = Assets.xcassets; sourceTree = "<group>"; };
		674EF2F52EDDC3D6000CF54C /* ContentView.swift */ = {isa = PBXFileReference; lastKnownFileType = sourcecode.swift; path = ContentView.swift; sourceTree = "<group>"; };
		674EF2F62EDDC3D6000CF54C /* escalasApp.swift */ = {isa = PBXFileReference; lastKnownFileType = sourcecode.swift; path = escalasApp.swift; sourceTree = "<group>"; };
		674EF2F72EDDC3D6000CF54C /* Item.swift */ = {isa = PBXFileReference; lastKnownFileType = sourcecode.swift; path = Item.swift; sourceTree = "<group>"; };
		674EF3422EDDC45F000CF54C /* Patient.swift */ = {isa = PBXFileReference; lastKnownFileType = sourcecode.swift; path = Patient.swift; sourceTree = "<group>"; };
		674EF3462EDDC4C5000CF54C /* BergTest.swift */ = {isa = PBXFileReference; lastKnownFileType = sourcecode.swift; path = BergTest.swift; sourceTree = "<group>"; };
		674EF38C2EDDF4CC000CF54C /* SaveBergTestUseCase.swift */ = {isa = PBXFileReference; lastKnownFileType = sourcecode.swift; path = SaveBergTestUseCase.swift; sourceTree = "<group>"; };
		674EF38E2EDDF4DB000CF54C /* GetPatientUseCase.swift */ = {isa = PBXFileReference; lastKnownFileType = sourcecode.swift; path = GetPatientUseCase.swift; sourceTree = "<group>"; };
		674EF3902EDDF4E6000CF54C /* GeneratePDFUseCase.swift */ = {isa = PBXFileReference; lastKnownFileType = sourcecode.swift; path = GeneratePDFUseCase.swift; sourceTree = "<group>"; };
		674EF3932EDDF50E000CF54C /* PatientRepositoryProtocol.swift */ = {isa = PBXFileReference; lastKnownFileType = sourcecode.swift; path = PatientRepositoryProtocol.swift; sourceTree = "<group>"; };
		674EF3952EDDF518000CF54C /* BergTestRespositoryProtocol.swift */ = {isa = PBXFileReference; lastKnownFileType = sourcecode.swift; path = BergTestRespositoryProtocol.swift; sourceTree = "<group>"; };
		674EF3982EDE02A3000CF54C /* PatientEntity.swift */ = {isa = PBXFileReference; lastKnownFileType = sourcecode.swift; path = PatientEntity.swift; sourceTree = "<group>"; };
		674EF39A2EDE031F000CF54C /* BergTestEntity.swift */ = {isa = PBXFileReference; lastKnownFileType = sourcecode.swift; path = BergTestEntity.swift; sourceTree = "<group>"; };
		674EF39D2EDE0B2C000CF54C /* BergTestRepository.swift */ = {isa = PBXFileReference; lastKnownFileType = sourcecode.swift; path = BergTestRepository.swift; sourceTree = "<group>"; };
		674EF3A62EDE1892000CF54C /* BergTestMapper.swift */ = {isa = PBXFileReference; lastKnownFileType = sourcecode.swift; path = BergTestMapper.swift; sourceTree = "<group>"; };
		674EF3A82EDF1AE3000CF54C /* PatientRespository.swift */ = {isa = PBXFileReference; lastKnownFileType = sourcecode.swift; path = PatientRespository.swift; sourceTree = "<group>"; };
		674EF3AA2EDF4CE7000CF54C /* PatientMapper.swift */ = {isa = PBXFileReference; lastKnownFileType = sourcecode.swift; path = PatientMapper.swift; sourceTree = "<group>"; };
		674EF3B02EDF6A73000CF54C /* escalasTests.swift */ = {isa = PBXFileReference; lastKnownFileType = sourcecode.swift; path = escalasTests.swift; sourceTree = "<group>"; };
		67CB90452EF1C8570067952C /* PatientDetailView.swift */ = {isa = PBXFileReference; lastKnownFileType = sourcecode.swift; path = PatientDetailView.swift; sourceTree = "<group>"; };
		67CB90482EF1CA3D0067952C /* PatientHistory.swift */ = {isa = PBXFileReference; lastKnownFileType = sourcecode.swift; path = PatientHistory.swift; sourceTree = "<group>"; };
		67CB908C2EF1CFA70067952C /* ClinicalTestProtocol.swift */ = {isa = PBXFileReference; lastKnownFileType = sourcecode.swift; path = ClinicalTestProtocol.swift; sourceTree = "<group>"; };
		67CB908E2EF1D1E80067952C /* GetPatientTestsUseCase.swift */ = {isa = PBXFileReference; lastKnownFileType = sourcecode.swift; path = GetPatientTestsUseCase.swift; sourceTree = "<group>"; };
		67CB90902EF1DB4D0067952C /* PatientDetailViewModel.swift */ = {isa = PBXFileReference; lastKnownFileType = sourcecode.swift; path = PatientDetailViewModel.swift; sourceTree = "<group>"; };
		67CB90D42EF1F3A30067952C /* Models+Mock.swift */ = {isa = PBXFileReference; lastKnownFileType = sourcecode.swift; path = "Models+Mock.swift"; sourceTree = "<group>"; };
		67E221812EE3009600079E52 /* CreatePatientUseCase.swift */ = {isa = PBXFileReference; lastKnownFileType = sourcecode.swift; path = CreatePatientUseCase.swift; sourceTree = "<group>"; };
/* End PBXFileReference section */

/* Begin PBXFileSystemSynchronizedRootGroup section */
		674EF2E32EDCB64F000CF54C /* escalasUITests */ = {
			isa = PBXFileSystemSynchronizedRootGroup;
			path = escalasUITests;
			sourceTree = "<group>";
		};
/* End PBXFileSystemSynchronizedRootGroup section */

/* Begin PBXFrameworksBuildPhase section */
		674EF2C42EDCB64D000CF54C /* Frameworks */ = {
			isa = PBXFrameworksBuildPhase;
			buildActionMask = 2147483647;
			files = (
			);
			runOnlyForDeploymentPostprocessing = 0;
		};
		674EF2D32EDCB64F000CF54C /* Frameworks */ = {
			isa = PBXFrameworksBuildPhase;
			buildActionMask = 2147483647;
			files = (
			);
			runOnlyForDeploymentPostprocessing = 0;
		};
		674EF2DD2EDCB64F000CF54C /* Frameworks */ = {
			isa = PBXFrameworksBuildPhase;
			buildActionMask = 2147483647;
			files = (
			);
			runOnlyForDeploymentPostprocessing = 0;
		};
/* End PBXFrameworksBuildPhase section */

/* Begin PBXGroup section */
		67256CFB2EE0C1FD00D568EF /* Home */ = {
			isa = PBXGroup;
			children = (
				67256CF92EE0BC5B00D568EF /* HomeView.swift */,
			);
			path = Home;
			sourceTree = "<group>";
		};
		67256CFC2EE0C20400D568EF /* ScaleView */ = {
			isa = PBXGroup;
			children = (
				67256CFD2EE0C21400D568EF /* ScaleMenuView.swift */,
			);
			path = ScaleView;
			sourceTree = "<group>";
		};
		67256D012EE0CB5A00D568EF /* Patients */ = {
			isa = PBXGroup;
			children = (
				67CB90902EF1DB4D0067952C /* PatientDetailViewModel.swift */,
				67256D0A2EE1916400D568EF /* PatientsViewModel.swift */,
				67256CFF2EE0CB4F00D568EF /* PatientsView.swift */,
				67CB90452EF1C8570067952C /* PatientDetailView.swift */,
			);
			path = Patients;
			sourceTree = "<group>";
		};
		67256D022EE0CB6300D568EF /* TestResultView */ = {
			isa = PBXGroup;
			children = (
			);
			path = TestResultView;
			sourceTree = "<group>";
		};
		67256D032EE0CB6B00D568EF /* BergTestView */ = {
			isa = PBXGroup;
			children = (
				67256D082EE1908700D568EF /* BergTestFormView.swift */,
			);
			path = BergTestView;
			sourceTree = "<group>";
		};
		674EF2BE2EDCB64D000CF54C = {
			isa = PBXGroup;
			children = (
				674EF2F82EDDC3D6000CF54C /* escalas */,
				674EF3B12EDF6A73000CF54C /* escalasTests */,
				674EF2E32EDCB64F000CF54C /* escalasUITests */,
				674EF2C82EDCB64D000CF54C /* Products */,
			);
			sourceTree = "<group>";
		};
		674EF2C82EDCB64D000CF54C /* Products */ = {
			isa = PBXGroup;
			children = (
				674EF2C72EDCB64D000CF54C /* escalas.app */,
				674EF2D62EDCB64F000CF54C /* escalasTests.xctest */,
				674EF2E02EDCB64F000CF54C /* escalasUITests.xctest */,
			);
			name = Products;
			sourceTree = "<group>";
		};
		674EF2F82EDDC3D6000CF54C /* escalas */ = {
			isa = PBXGroup;
			children = (
				674EF3412EDDC41A000CF54C /* Data */,
				674EF3402EDDC415000CF54C /* Domain */,
				674EF2FD2EDDC3DD000CF54C /* Presentation */,
				674EF2F42EDDC3D6000CF54C /* Assets.xcassets */,
				674EF2F52EDDC3D6000CF54C /* ContentView.swift */,
				674EF2F62EDDC3D6000CF54C /* escalasApp.swift */,
				674EF2F72EDDC3D6000CF54C /* Item.swift */,
			);
			path = escalas;
			sourceTree = "<group>";
		};
		674EF2FD2EDDC3DD000CF54C /* Presentation */ = {
			isa = PBXGroup;
			children = (
				67256D032EE0CB6B00D568EF /* BergTestView */,
				67256D022EE0CB6300D568EF /* TestResultView */,
				67256D012EE0CB5A00D568EF /* Patients */,
				67256CFC2EE0C20400D568EF /* ScaleView */,
				67256CFB2EE0C1FD00D568EF /* Home */,
			);
			path = Presentation;
			sourceTree = "<group>";
		};
		674EF3402EDDC415000CF54C /* Domain */ = {
			isa = PBXGroup;
			children = (
				674EF3922EDDF4FA000CF54C /* Protocols */,
				674EF38B2EDDF4C5000CF54C /* UseCases */,
				674EF38A2EDDC4EA000CF54C /* Entities */,
			);
			path = Domain;
			sourceTree = "<group>";
		};
		674EF3412EDDC41A000CF54C /* Data */ = {
			isa = PBXGroup;
			children = (
				67256D522EE1A07D00D568EF /* Environment+Repositories.swift */,
				674EF3A52EDE1885000CF54C /* Mappers */,
				674EF39C2EDE0B1A000CF54C /* Repositories */,
				674EF3972EDE028A000CF54C /* Persistence */,
			);
			path = Data;
			sourceTree = "<group>";
		};
		674EF38A2EDDC4EA000CF54C /* Entities */ = {
			isa = PBXGroup;
			children = (
				674EF3462EDDC4C5000CF54C /* BergTest.swift */,
				674EF3422EDDC45F000CF54C /* Patient.swift */,
				67CB90482EF1CA3D0067952C /* PatientHistory.swift */,
				67CB90D42EF1F3A30067952C /* Models+Mock.swift */,
			);
			path = Entities;
			sourceTree = "<group>";
		};
		674EF38B2EDDF4C5000CF54C /* UseCases */ = {
			isa = PBXGroup;
			children = (
				67CB90472EF1C8E90067952C /* Patients */,
				674EF3902EDDF4E6000CF54C /* GeneratePDFUseCase.swift */,
				674EF38C2EDDF4CC000CF54C /* SaveBergTestUseCase.swift */,
			);
			path = UseCases;
			sourceTree = "<group>";
		};
		674EF3922EDDF4FA000CF54C /* Protocols */ = {
			isa = PBXGroup;
			children = (
				67CB908C2EF1CFA70067952C /* ClinicalTestProtocol.swift */,
				674EF3932EDDF50E000CF54C /* PatientRepositoryProtocol.swift */,
				674EF3952EDDF518000CF54C /* BergTestRespositoryProtocol.swift */,
			);
			path = Protocols;
			sourceTree = "<group>";
		};
		674EF3972EDE028A000CF54C /* Persistence */ = {
			isa = PBXGroup;
			children = (
				674EF3982EDE02A3000CF54C /* PatientEntity.swift */,
				674EF39A2EDE031F000CF54C /* BergTestEntity.swift */,
			);
			path = Persistence;
			sourceTree = "<group>";
		};
		674EF39C2EDE0B1A000CF54C /* Repositories */ = {
			isa = PBXGroup;
			children = (
				674EF39D2EDE0B2C000CF54C /* BergTestRepository.swift */,
				674EF3A82EDF1AE3000CF54C /* PatientRespository.swift */,
			);
			path = Repositories;
			sourceTree = "<group>";
		};
		674EF3A52EDE1885000CF54C /* Mappers */ = {
			isa = PBXGroup;
			children = (
				674EF3A62EDE1892000CF54C /* BergTestMapper.swift */,
				674EF3AA2EDF4CE7000CF54C /* PatientMapper.swift */,
			);
			path = Mappers;
			sourceTree = "<group>";
		};
		674EF3B12EDF6A73000CF54C /* escalasTests */ = {
			isa = PBXGroup;
			children = (
				674EF3B02EDF6A73000CF54C /* escalasTests.swift */,
			);
			path = escalasTests;
			sourceTree = "<group>";
		};
		67CB90472EF1C8E90067952C /* Patients */ = {
			isa = PBXGroup;
			children = (
				674EF38E2EDDF4DB000CF54C /* GetPatientUseCase.swift */,
				67E221812EE3009600079E52 /* CreatePatientUseCase.swift */,
				67CB908E2EF1D1E80067952C /* GetPatientTestsUseCase.swift */,
			);
			path = Patients;
			sourceTree = "<group>";
		};
/* End PBXGroup section */

/* Begin PBXNativeTarget section */
		674EF2C62EDCB64D000CF54C /* escalas */ = {
			isa = PBXNativeTarget;
			buildConfigurationList = 674EF2EA2EDCB64F000CF54C /* Build configuration list for PBXNativeTarget "escalas" */;
			buildPhases = (
				674EF2C32EDCB64D000CF54C /* Sources */,
				674EF2C42EDCB64D000CF54C /* Frameworks */,
				674EF2C52EDCB64D000CF54C /* Resources */,
			);
			buildRules = (
			);
			dependencies = (
			);
			name = escalas;
			packageProductDependencies = (
			);
			productName = escalas;
			productReference = 674EF2C72EDCB64D000CF54C /* escalas.app */;
			productType = "com.apple.product-type.application";
		};
		674EF2D52EDCB64F000CF54C /* escalasTests */ = {
			isa = PBXNativeTarget;
			buildConfigurationList = 674EF2ED2EDCB64F000CF54C /* Build configuration list for PBXNativeTarget "escalasTests" */;
			buildPhases = (
				674EF2D22EDCB64F000CF54C /* Sources */,
				674EF2D32EDCB64F000CF54C /* Frameworks */,
				674EF2D42EDCB64F000CF54C /* Resources */,
			);
			buildRules = (
			);
			dependencies = (
				674EF2D82EDCB64F000CF54C /* PBXTargetDependency */,
			);
			name = escalasTests;
			packageProductDependencies = (
			);
			productName = escalasTests;
			productReference = 674EF2D62EDCB64F000CF54C /* escalasTests.xctest */;
			productType = "com.apple.product-type.bundle.unit-test";
		};
		674EF2DF2EDCB64F000CF54C /* escalasUITests */ = {
			isa = PBXNativeTarget;
			buildConfigurationList = 674EF2F02EDCB64F000CF54C /* Build configuration list for PBXNativeTarget "escalasUITests" */;
			buildPhases = (
				674EF2DC2EDCB64F000CF54C /* Sources */,
				674EF2DD2EDCB64F000CF54C /* Frameworks */,
				674EF2DE2EDCB64F000CF54C /* Resources */,
			);
			buildRules = (
			);
			dependencies = (
				674EF2E22EDCB64F000CF54C /* PBXTargetDependency */,
			);
			fileSystemSynchronizedGroups = (
				674EF2E32EDCB64F000CF54C /* escalasUITests */,
			);
			name = escalasUITests;
			packageProductDependencies = (
			);
			productName = escalasUITests;
			productReference = 674EF2E02EDCB64F000CF54C /* escalasUITests.xctest */;
			productType = "com.apple.product-type.bundle.ui-testing";
		};
/* End PBXNativeTarget section */

/* Begin PBXProject section */
		674EF2BF2EDCB64D000CF54C /* Project object */ = {
			isa = PBXProject;
			attributes = {
				BuildIndependentTargetsInParallel = 1;
				LastSwiftUpdateCheck = 2600;
				LastUpgradeCheck = 2600;
				TargetAttributes = {
					674EF2C62EDCB64D000CF54C = {
						CreatedOnToolsVersion = 26.0.1;
					};
					674EF2D52EDCB64F000CF54C = {
						CreatedOnToolsVersion = 26.0.1;
						TestTargetID = 674EF2C62EDCB64D000CF54C;
					};
					674EF2DF2EDCB64F000CF54C = {
						CreatedOnToolsVersion = 26.0.1;
						TestTargetID = 674EF2C62EDCB64D000CF54C;
					};
				};
			};
			buildConfigurationList = 674EF2C22EDCB64D000CF54C /* Build configuration list for PBXProject "escalas" */;
			developmentRegion = en;
			hasScannedForEncodings = 0;
			knownRegions = (
				en,
				Base,
			);
			mainGroup = 674EF2BE2EDCB64D000CF54C;
			minimizedProjectReferenceProxies = 1;
			preferredProjectObjectVersion = 77;
			productRefGroup = 674EF2C82EDCB64D000CF54C /* Products */;
			projectDirPath = "";
			projectRoot = "";
			targets = (
				674EF2C62EDCB64D000CF54C /* escalas */,
				674EF2D52EDCB64F000CF54C /* escalasTests */,
				674EF2DF2EDCB64F000CF54C /* escalasUITests */,
			);
		};
/* End PBXProject section */

/* Begin PBXResourcesBuildPhase section */
		674EF2C52EDCB64D000CF54C /* Resources */ = {
			isa = PBXResourcesBuildPhase;
			buildActionMask = 2147483647;
			files = (
				674EF2F92EDDC3D6000CF54C /* Assets.xcassets in Resources */,
			);
			runOnlyForDeploymentPostprocessing = 0;
		};
		674EF2D42EDCB64F000CF54C /* Resources */ = {
			isa = PBXResourcesBuildPhase;
			buildActionMask = 2147483647;
			files = (
			);
			runOnlyForDeploymentPostprocessing = 0;
		};
		674EF2DE2EDCB64F000CF54C /* Resources */ = {
			isa = PBXResourcesBuildPhase;
			buildActionMask = 2147483647;
			files = (
			);
			runOnlyForDeploymentPostprocessing = 0;
		};
/* End PBXResourcesBuildPhase section */

/* Begin PBXSourcesBuildPhase section */
		674EF2C32EDCB64D000CF54C /* Sources */ = {
			isa = PBXSourcesBuildPhase;
			buildActionMask = 2147483647;
			files = (
				674EF39B2EDE031F000CF54C /* BergTestEntity.swift in Sources */,
				67256D532EE1A08300D568EF /* Environment+Repositories.swift in Sources */,
				674EF39E2EDE0B2C000CF54C /* BergTestRepository.swift in Sources */,
				674EF2FA2EDDC3D6000CF54C /* ContentView.swift in Sources */,
				67256D002EE0CB4F00D568EF /* PatientsView.swift in Sources */,
				67CB90462EF1C8570067952C /* PatientDetailView.swift in Sources */,
				67CB908D2EF1CFAD0067952C /* ClinicalTestProtocol.swift in Sources */,
				67256D092EE1908700D568EF /* BergTestFormView.swift in Sources */,
				67E221822EE3009600079E52 /* CreatePatientUseCase.swift in Sources */,
				674EF3992EDE02A3000CF54C /* PatientEntity.swift in Sources */,
				674EF3912EDDF4EC000CF54C /* GeneratePDFUseCase.swift in Sources */,
				67256CFA2EE0BC5B00D568EF /* HomeView.swift in Sources */,
				674EF38F2EDDF4E2000CF54C /* GetPatientUseCase.swift in Sources */,
				674EF3A72EDE1892000CF54C /* BergTestMapper.swift in Sources */,
				674EF3432EDDC466000CF54C /* Patient.swift in Sources */,
				67CB90912EF1DB530067952C /* PatientDetailViewModel.swift in Sources */,
				67CB908F2EF1D1E80067952C /* GetPatientTestsUseCase.swift in Sources */,
				67CB90D52EF1F3A30067952C /* Models+Mock.swift in Sources */,
				67256CFE2EE0C21400D568EF /* ScaleMenuView.swift in Sources */,
				674EF3AB2EDF4CE7000CF54C /* PatientMapper.swift in Sources */,
				674EF2FB2EDDC3D6000CF54C /* escalasApp.swift in Sources */,
				674EF3472EDDC4C7000CF54C /* BergTest.swift in Sources */,
				674EF38D2EDDF4D7000CF54C /* SaveBergTestUseCase.swift in Sources */,
				674EF3A92EDF1AE3000CF54C /* PatientRespository.swift in Sources */,
				67256D0B2EE1916B00D568EF /* PatientsViewModel.swift in Sources */,
				674EF3962EDDF518000CF54C /* BergTestRespositoryProtocol.swift in Sources */,
				674EF3942EDDF50E000CF54C /* PatientRepositoryProtocol.swift in Sources */,
				67CB90492EF1CA3D0067952C /* PatientHistory.swift in Sources */,
				674EF2FC2EDDC3D6000CF54C /* Item.swift in Sources */,
			);
			runOnlyForDeploymentPostprocessing = 0;
		};
		674EF2D22EDCB64F000CF54C /* Sources */ = {
			isa = PBXSourcesBuildPhase;
			buildActionMask = 2147483647;
			files = (
				674EF3B22EDF6A73000CF54C /* escalasTests.swift in Sources */,
			);
			runOnlyForDeploymentPostprocessing = 0;
		};
		674EF2DC2EDCB64F000CF54C /* Sources */ = {
			isa = PBXSourcesBuildPhase;
			buildActionMask = 2147483647;
			files = (
			);
			runOnlyForDeploymentPostprocessing = 0;
		};
/* End PBXSourcesBuildPhase section */

/* Begin PBXTargetDependency section */
		674EF2D82EDCB64F000CF54C /* PBXTargetDependency */ = {
			isa = PBXTargetDependency;
			target = 674EF2C62EDCB64D000CF54C /* escalas */;
			targetProxy = 674EF2D72EDCB64F000CF54C /* PBXContainerItemProxy */;
		};
		674EF2E22EDCB64F000CF54C /* PBXTargetDependency */ = {
			isa = PBXTargetDependency;
			target = 674EF2C62EDCB64D000CF54C /* escalas */;
			targetProxy = 674EF2E12EDCB64F000CF54C /* PBXContainerItemProxy */;
		};
/* End PBXTargetDependency section */

/* Begin XCBuildConfiguration section */
		674EF2E82EDCB64F000CF54C /* Debug */ = {
			isa = XCBuildConfiguration;
			buildSettings = {
				ALWAYS_SEARCH_USER_PATHS = NO;
				ASSETCATALOG_COMPILER_GENERATE_SWIFT_ASSET_SYMBOL_EXTENSIONS = YES;
				CLANG_ANALYZER_NONNULL = YES;
				CLANG_ANALYZER_NUMBER_OBJECT_CONVERSION = YES_AGGRESSIVE;
				CLANG_CXX_LANGUAGE_STANDARD = "gnu++20";
				CLANG_ENABLE_MODULES = YES;
				CLANG_ENABLE_OBJC_ARC = YES;
				CLANG_ENABLE_OBJC_WEAK = YES;
				CLANG_WARN_BLOCK_CAPTURE_AUTORELEASING = YES;
				CLANG_WARN_BOOL_CONVERSION = YES;
				CLANG_WARN_COMMA = YES;
				CLANG_WARN_CONSTANT_CONVERSION = YES;
				CLANG_WARN_DEPRECATED_OBJC_IMPLEMENTATIONS = YES;
				CLANG_WARN_DIRECT_OBJC_ISA_USAGE = YES_ERROR;
				CLANG_WARN_DOCUMENTATION_COMMENTS = YES;
				CLANG_WARN_EMPTY_BODY = YES;
				CLANG_WARN_ENUM_CONVERSION = YES;
				CLANG_WARN_INFINITE_RECURSION = YES;
				CLANG_WARN_INT_CONVERSION = YES;
				CLANG_WARN_NON_LITERAL_NULL_CONVERSION = YES;
				CLANG_WARN_OBJC_IMPLICIT_RETAIN_SELF = YES;
				CLANG_WARN_OBJC_LITERAL_CONVERSION = YES;
				CLANG_WARN_OBJC_ROOT_CLASS = YES_ERROR;
				CLANG_WARN_QUOTED_INCLUDE_IN_FRAMEWORK_HEADER = YES;
				CLANG_WARN_RANGE_LOOP_ANALYSIS = YES;
				CLANG_WARN_STRICT_PROTOTYPES = YES;
				CLANG_WARN_SUSPICIOUS_MOVE = YES;
				CLANG_WARN_UNGUARDED_AVAILABILITY = YES_AGGRESSIVE;
				CLANG_WARN_UNREACHABLE_CODE = YES;
				CLANG_WARN__DUPLICATE_METHOD_MATCH = YES;
				COPY_PHASE_STRIP = NO;
				DEBUG_INFORMATION_FORMAT = dwarf;
				DEVELOPMENT_TEAM = ADCUTL8YP7;
				ENABLE_STRICT_OBJC_MSGSEND = YES;
				ENABLE_TESTABILITY = YES;
				ENABLE_USER_SCRIPT_SANDBOXING = YES;
				GCC_C_LANGUAGE_STANDARD = gnu17;
				GCC_DYNAMIC_NO_PIC = NO;
				GCC_NO_COMMON_BLOCKS = YES;
				GCC_OPTIMIZATION_LEVEL = 0;
				GCC_PREPROCESSOR_DEFINITIONS = (
					"DEBUG=1",
					"$(inherited)",
				);
				GCC_WARN_64_TO_32_BIT_CONVERSION = YES;
				GCC_WARN_ABOUT_RETURN_TYPE = YES_ERROR;
				GCC_WARN_UNDECLARED_SELECTOR = YES;
				GCC_WARN_UNINITIALIZED_AUTOS = YES_AGGRESSIVE;
				GCC_WARN_UNUSED_FUNCTION = YES;
				GCC_WARN_UNUSED_VARIABLE = YES;
				IPHONEOS_DEPLOYMENT_TARGET = 26.0;
				LOCALIZATION_PREFERS_STRING_CATALOGS = YES;
				MTL_ENABLE_DEBUG_INFO = INCLUDE_SOURCE;
				MTL_FAST_MATH = YES;
				ONLY_ACTIVE_ARCH = YES;
				SDKROOT = iphoneos;
				SWIFT_ACTIVE_COMPILATION_CONDITIONS = "DEBUG $(inherited)";
				SWIFT_OPTIMIZATION_LEVEL = "-Onone";
			};
			name = Debug;
		};
		674EF2E92EDCB64F000CF54C /* Release */ = {
			isa = XCBuildConfiguration;
			buildSettings = {
				ALWAYS_SEARCH_USER_PATHS = NO;
				ASSETCATALOG_COMPILER_GENERATE_SWIFT_ASSET_SYMBOL_EXTENSIONS = YES;
				CLANG_ANALYZER_NONNULL = YES;
				CLANG_ANALYZER_NUMBER_OBJECT_CONVERSION = YES_AGGRESSIVE;
				CLANG_CXX_LANGUAGE_STANDARD = "gnu++20";
				CLANG_ENABLE_MODULES = YES;
				CLANG_ENABLE_OBJC_ARC = YES;
				CLANG_ENABLE_OBJC_WEAK = YES;
				CLANG_WARN_BLOCK_CAPTURE_AUTORELEASING = YES;
				CLANG_WARN_BOOL_CONVERSION = YES;
				CLANG_WARN_COMMA = YES;
				CLANG_WARN_CONSTANT_CONVERSION = YES;
				CLANG_WARN_DEPRECATED_OBJC_IMPLEMENTATIONS = YES;
				CLANG_WARN_DIRECT_OBJC_ISA_USAGE = YES_ERROR;
				CLANG_WARN_DOCUMENTATION_COMMENTS = YES;
				CLANG_WARN_EMPTY_BODY = YES;
				CLANG_WARN_ENUM_CONVERSION = YES;
				CLANG_WARN_INFINITE_RECURSION = YES;
				CLANG_WARN_INT_CONVERSION = YES;
				CLANG_WARN_NON_LITERAL_NULL_CONVERSION = YES;
				CLANG_WARN_OBJC_IMPLICIT_RETAIN_SELF = YES;
				CLANG_WARN_OBJC_LITERAL_CONVERSION = YES;
				CLANG_WARN_OBJC_ROOT_CLASS = YES_ERROR;
				CLANG_WARN_QUOTED_INCLUDE_IN_FRAMEWORK_HEADER = YES;
				CLANG_WARN_RANGE_LOOP_ANALYSIS = YES;
				CLANG_WARN_STRICT_PROTOTYPES = YES;
				CLANG_WARN_SUSPICIOUS_MOVE = YES;
				CLANG_WARN_UNGUARDED_AVAILABILITY = YES_AGGRESSIVE;
				CLANG_WARN_UNREACHABLE_CODE = YES;
				CLANG_WARN__DUPLICATE_METHOD_MATCH = YES;
				COPY_PHASE_STRIP = NO;
				DEBUG_INFORMATION_FORMAT = "dwarf-with-dsym";
				DEVELOPMENT_TEAM = ADCUTL8YP7;
				ENABLE_NS_ASSERTIONS = NO;
				ENABLE_STRICT_OBJC_MSGSEND = YES;
				ENABLE_USER_SCRIPT_SANDBOXING = YES;
				GCC_C_LANGUAGE_STANDARD = gnu17;
				GCC_NO_COMMON_BLOCKS = YES;
				GCC_WARN_64_TO_32_BIT_CONVERSION = YES;
				GCC_WARN_ABOUT_RETURN_TYPE = YES_ERROR;
				GCC_WARN_UNDECLARED_SELECTOR = YES;
				GCC_WARN_UNINITIALIZED_AUTOS = YES_AGGRESSIVE;
				GCC_WARN_UNUSED_FUNCTION = YES;
				GCC_WARN_UNUSED_VARIABLE = YES;
				IPHONEOS_DEPLOYMENT_TARGET = 26.0;
				LOCALIZATION_PREFERS_STRING_CATALOGS = YES;
				MTL_ENABLE_DEBUG_INFO = NO;
				MTL_FAST_MATH = YES;
				SDKROOT = iphoneos;
				SWIFT_COMPILATION_MODE = wholemodule;
				VALIDATE_PRODUCT = YES;
			};
			name = Release;
		};
		674EF2EB2EDCB64F000CF54C /* Debug */ = {
			isa = XCBuildConfiguration;
			buildSettings = {
				ASSETCATALOG_COMPILER_APPICON_NAME = AppIcon;
				ASSETCATALOG_COMPILER_GLOBAL_ACCENT_COLOR_NAME = AccentColor;
				CODE_SIGN_STYLE = Automatic;
				CURRENT_PROJECT_VERSION = 1;
				DEVELOPMENT_TEAM = ADCUTL8YP7;
				ENABLE_PREVIEWS = YES;
				GENERATE_INFOPLIST_FILE = YES;
				INFOPLIST_KEY_UIApplicationSceneManifest_Generation = YES;
				INFOPLIST_KEY_UIApplicationSupportsIndirectInputEvents = YES;
				INFOPLIST_KEY_UILaunchScreen_Generation = YES;
				INFOPLIST_KEY_UISupportedInterfaceOrientations_iPad = "UIInterfaceOrientationPortrait UIInterfaceOrientationPortraitUpsideDown UIInterfaceOrientationLandscapeLeft UIInterfaceOrientationLandscapeRight";
				INFOPLIST_KEY_UISupportedInterfaceOrientations_iPhone = "UIInterfaceOrientationPortrait UIInterfaceOrientationLandscapeLeft UIInterfaceOrientationLandscapeRight";
				LD_RUNPATH_SEARCH_PATHS = (
					"$(inherited)",
					"@executable_path/Frameworks",
				);
				MARKETING_VERSION = 1.0;
				PRODUCT_BUNDLE_IDENTIFIER = com.aentrena.escalas;
				PRODUCT_NAME = "$(TARGET_NAME)";
				STRING_CATALOG_GENERATE_SYMBOLS = YES;
				SWIFT_APPROACHABLE_CONCURRENCY = YES;
				SWIFT_DEFAULT_ACTOR_ISOLATION = MainActor;
				SWIFT_EMIT_LOC_STRINGS = YES;
				SWIFT_UPCOMING_FEATURE_MEMBER_IMPORT_VISIBILITY = YES;
				SWIFT_VERSION = 5.0;
				TARGETED_DEVICE_FAMILY = "1,2";
			};
			name = Debug;
		};
		674EF2EC2EDCB64F000CF54C /* Release */ = {
			isa = XCBuildConfiguration;
			buildSettings = {
				ASSETCATALOG_COMPILER_APPICON_NAME = AppIcon;
				ASSETCATALOG_COMPILER_GLOBAL_ACCENT_COLOR_NAME = AccentColor;
				CODE_SIGN_STYLE = Automatic;
				CURRENT_PROJECT_VERSION = 1;
				DEVELOPMENT_TEAM = ADCUTL8YP7;
				ENABLE_PREVIEWS = YES;
				GENERATE_INFOPLIST_FILE = YES;
				INFOPLIST_KEY_UIApplicationSceneManifest_Generation = YES;
				INFOPLIST_KEY_UIApplicationSupportsIndirectInputEvents = YES;
				INFOPLIST_KEY_UILaunchScreen_Generation = YES;
				INFOPLIST_KEY_UISupportedInterfaceOrientations_iPad = "UIInterfaceOrientationPortrait UIInterfaceOrientationPortraitUpsideDown UIInterfaceOrientationLandscapeLeft UIInterfaceOrientationLandscapeRight";
				INFOPLIST_KEY_UISupportedInterfaceOrientations_iPhone = "UIInterfaceOrientationPortrait UIInterfaceOrientationLandscapeLeft UIInterfaceOrientationLandscapeRight";
				LD_RUNPATH_SEARCH_PATHS = (
					"$(inherited)",
					"@executable_path/Frameworks",
				);
				MARKETING_VERSION = 1.0;
				PRODUCT_BUNDLE_IDENTIFIER = com.aentrena.escalas;
				PRODUCT_NAME = "$(TARGET_NAME)";
				STRING_CATALOG_GENERATE_SYMBOLS = YES;
				SWIFT_APPROACHABLE_CONCURRENCY = YES;
				SWIFT_DEFAULT_ACTOR_ISOLATION = MainActor;
				SWIFT_EMIT_LOC_STRINGS = YES;
				SWIFT_UPCOMING_FEATURE_MEMBER_IMPORT_VISIBILITY = YES;
				SWIFT_VERSION = 5.0;
				TARGETED_DEVICE_FAMILY = "1,2";
			};
			name = Release;
		};
		674EF2EE2EDCB64F000CF54C /* Debug */ = {
			isa = XCBuildConfiguration;
			buildSettings = {
				BUNDLE_LOADER = "$(TEST_HOST)";
				CODE_SIGN_STYLE = Automatic;
				CURRENT_PROJECT_VERSION = 1;
				DEVELOPMENT_TEAM = ADCUTL8YP7;
				GENERATE_INFOPLIST_FILE = YES;
				IPHONEOS_DEPLOYMENT_TARGET = 26.0;
				MARKETING_VERSION = 1.0;
				PRODUCT_BUNDLE_IDENTIFIER = com.aentrena.escalasTests;
				PRODUCT_NAME = "$(TARGET_NAME)";
				STRING_CATALOG_GENERATE_SYMBOLS = NO;
				SWIFT_APPROACHABLE_CONCURRENCY = YES;
				SWIFT_EMIT_LOC_STRINGS = NO;
				SWIFT_UPCOMING_FEATURE_MEMBER_IMPORT_VISIBILITY = YES;
				SWIFT_VERSION = 5.0;
				TARGETED_DEVICE_FAMILY = "1,2";
				TEST_HOST = "$(BUILT_PRODUCTS_DIR)/escalas.app/$(BUNDLE_EXECUTABLE_FOLDER_PATH)/escalas";
			};
			name = Debug;
		};
		674EF2EF2EDCB64F000CF54C /* Release */ = {
			isa = XCBuildConfiguration;
			buildSettings = {
				BUNDLE_LOADER = "$(TEST_HOST)";
				CODE_SIGN_STYLE = Automatic;
				CURRENT_PROJECT_VERSION = 1;
				DEVELOPMENT_TEAM = ADCUTL8YP7;
				GENERATE_INFOPLIST_FILE = YES;
				IPHONEOS_DEPLOYMENT_TARGET = 26.0;
				MARKETING_VERSION = 1.0;
				PRODUCT_BUNDLE_IDENTIFIER = com.aentrena.escalasTests;
				PRODUCT_NAME = "$(TARGET_NAME)";
				STRING_CATALOG_GENERATE_SYMBOLS = NO;
				SWIFT_APPROACHABLE_CONCURRENCY = YES;
				SWIFT_EMIT_LOC_STRINGS = NO;
				SWIFT_UPCOMING_FEATURE_MEMBER_IMPORT_VISIBILITY = YES;
				SWIFT_VERSION = 5.0;
				TARGETED_DEVICE_FAMILY = "1,2";
				TEST_HOST = "$(BUILT_PRODUCTS_DIR)/escalas.app/$(BUNDLE_EXECUTABLE_FOLDER_PATH)/escalas";
			};
			name = Release;
		};
		674EF2F12EDCB64F000CF54C /* Debug */ = {
			isa = XCBuildConfiguration;
			buildSettings = {
				CODE_SIGN_STYLE = Automatic;
				CURRENT_PROJECT_VERSION = 1;
				DEVELOPMENT_TEAM = ADCUTL8YP7;
				GENERATE_INFOPLIST_FILE = YES;
				MARKETING_VERSION = 1.0;
				PRODUCT_BUNDLE_IDENTIFIER = com.aentrena.escalasUITests;
				PRODUCT_NAME = "$(TARGET_NAME)";
				STRING_CATALOG_GENERATE_SYMBOLS = NO;
				SWIFT_APPROACHABLE_CONCURRENCY = YES;
				SWIFT_EMIT_LOC_STRINGS = NO;
				SWIFT_UPCOMING_FEATURE_MEMBER_IMPORT_VISIBILITY = YES;
				SWIFT_VERSION = 5.0;
				TARGETED_DEVICE_FAMILY = "1,2";
				TEST_TARGET_NAME = escalas;
			};
			name = Debug;
		};
		674EF2F22EDCB64F000CF54C /* Release */ = {
			isa = XCBuildConfiguration;
			buildSettings = {
				CODE_SIGN_STYLE = Automatic;
				CURRENT_PROJECT_VERSION = 1;
				DEVELOPMENT_TEAM = ADCUTL8YP7;
				GENERATE_INFOPLIST_FILE = YES;
				MARKETING_VERSION = 1.0;
				PRODUCT_BUNDLE_IDENTIFIER = com.aentrena.escalasUITests;
				PRODUCT_NAME = "$(TARGET_NAME)";
				STRING_CATALOG_GENERATE_SYMBOLS = NO;
				SWIFT_APPROACHABLE_CONCURRENCY = YES;
				SWIFT_EMIT_LOC_STRINGS = NO;
				SWIFT_UPCOMING_FEATURE_MEMBER_IMPORT_VISIBILITY = YES;
				SWIFT_VERSION = 5.0;
				TARGETED_DEVICE_FAMILY = "1,2";
				TEST_TARGET_NAME = escalas;
			};
			name = Release;
		};
/* End XCBuildConfiguration section */

/* Begin XCConfigurationList section */
		674EF2C22EDCB64D000CF54C /* Build configuration list for PBXProject "escalas" */ = {
			isa = XCConfigurationList;
			buildConfigurations = (
				674EF2E82EDCB64F000CF54C /* Debug */,
				674EF2E92EDCB64F000CF54C /* Release */,
			);
			defaultConfigurationIsVisible = 0;
			defaultConfigurationName = Release;
		};
		674EF2EA2EDCB64F000CF54C /* Build configuration list for PBXNativeTarget "escalas" */ = {
			isa = XCConfigurationList;
			buildConfigurations = (
				674EF2EB2EDCB64F000CF54C /* Debug */,
				674EF2EC2EDCB64F000CF54C /* Release */,
			);
			defaultConfigurationIsVisible = 0;
			defaultConfigurationName = Release;
		};
		674EF2ED2EDCB64F000CF54C /* Build configuration list for PBXNativeTarget "escalasTests" */ = {
			isa = XCConfigurationList;
			buildConfigurations = (
				674EF2EE2EDCB64F000CF54C /* Debug */,
				674EF2EF2EDCB64F000CF54C /* Release */,
			);
			defaultConfigurationIsVisible = 0;
			defaultConfigurationName = Release;
		};
		674EF2F02EDCB64F000CF54C /* Build configuration list for PBXNativeTarget "escalasUITests" */ = {
			isa = XCConfigurationList;
			buildConfigurations = (
				674EF2F12EDCB64F000CF54C /* Debug */,
				674EF2F22EDCB64F000CF54C /* Release */,
			);
			defaultConfigurationIsVisible = 0;
			defaultConfigurationName = Release;
		};
/* End XCConfigurationList section */
	};
	rootObject = 674EF2BF2EDCB64D000CF54C /* Project object */;
}
